// !$*UTF8*$!
{
	archiveVersion = 1;
	classes = {
	};
	objectVersion = 46;
	objects = {

/* Begin PBXBuildFile section */
		052A1CF19C7E20407995C7AB /* Pods_Category.framework in Frameworks */ = {isa = PBXBuildFile; fileRef = 13A0B00D0A5B02E550D38CF3 /* Pods_Category.framework */; };
		C919B1391EEEA1E900D5E3ED /* SDExtensionConfig.m in Sources */ = {isa = PBXBuildFile; fileRef = C919B1381EEEA1E900D5E3ED /* SDExtensionConfig.m */; };
		C919B13C1EEFDF7600D5E3ED /* SDLoginViewController.m in Sources */ = {isa = PBXBuildFile; fileRef = C919B13B1EEFDF7600D5E3ED /* SDLoginViewController.m */; };
		C919B13F1EF0DF7500D5E3ED /* SDLoginRegisterTextField.m in Sources */ = {isa = PBXBuildFile; fileRef = C919B13E1EF0DF7500D5E3ED /* SDLoginRegisterTextField.m */; };
		C9347B8A1E9E131000F9BC9E /* SDNetworkHelper.m in Sources */ = {isa = PBXBuildFile; fileRef = C9347B891E9E131000F9BC9E /* SDNetworkHelper.m */; };
		C9347B8D1E9E132E00F9BC9E /* SDNetworkCache.m in Sources */ = {isa = PBXBuildFile; fileRef = C9347B8C1E9E132E00F9BC9E /* SDNetworkCache.m */; };
		C9347B901E9E135200F9BC9E /* SDHTTPRequest.m in Sources */ = {isa = PBXBuildFile; fileRef = C9347B8F1E9E135200F9BC9E /* SDHTTPRequest.m */; };
		C9347B931E9F632B00F9BC9E /* NSObject+SDProperty.m in Sources */ = {isa = PBXBuildFile; fileRef = C9347B921E9F632B00F9BC9E /* NSObject+SDProperty.m */; };
		C9551FE91F0266F8007085AD /* NSString+SDExtend.m in Sources */ = {isa = PBXBuildFile; fileRef = C9551FE81F0266F8007085AD /* NSString+SDExtend.m */; };
		C966B2FF1ED2D53E00F08C05 /* SDPostWordViewController.m in Sources */ = {isa = PBXBuildFile; fileRef = C966B2FE1ED2D53E00F08C05 /* SDPostWordViewController.m */; };
		C966B3031ED2E1CC00F08C05 /* SDTextView.m in Sources */ = {isa = PBXBuildFile; fileRef = C966B3021ED2E1CC00F08C05 /* SDTextView.m */; };
		C966B3061ED5427700F08C05 /* SDAddTagToolbar.m in Sources */ = {isa = PBXBuildFile; fileRef = C966B3051ED5427700F08C05 /* SDAddTagToolbar.m */; };
		C966B3081ED5428600F08C05 /* SDAddTagToolbar.xib in Resources */ = {isa = PBXBuildFile; fileRef = C966B3071ED5428600F08C05 /* SDAddTagToolbar.xib */; };
		C966B30B1ED564FF00F08C05 /* SDAddTagViewController.m in Sources */ = {isa = PBXBuildFile; fileRef = C966B30A1ED564FF00F08C05 /* SDAddTagViewController.m */; };
		C966B30E1ED6E76C00F08C05 /* SDTagTextField.m in Sources */ = {isa = PBXBuildFile; fileRef = C966B30D1ED6E76C00F08C05 /* SDTagTextField.m */; };
		C966B3111ED9219B00F08C05 /* SDSettingViewController.m in Sources */ = {isa = PBXBuildFile; fileRef = C966B3101ED9219B00F08C05 /* SDSettingViewController.m */; };
		C966B3141ED9743D00F08C05 /* SDClearCache.m in Sources */ = {isa = PBXBuildFile; fileRef = C966B3131ED9743D00F08C05 /* SDClearCache.m */; };
		C9696B281E5EBC15001A141D /* main.m in Sources */ = {isa = PBXBuildFile; fileRef = C9696B271E5EBC15001A141D /* main.m */; };
		C9696B311E5EBC15001A141D /* Main.storyboard in Resources */ = {isa = PBXBuildFile; fileRef = C9696B2F1E5EBC15001A141D /* Main.storyboard */; };
		C9696B331E5EBC15001A141D /* Assets.xcassets in Resources */ = {isa = PBXBuildFile; fileRef = C9696B321E5EBC15001A141D /* Assets.xcassets */; };
		C9696B411E5EBC15001A141D /* CategoryTests.m in Sources */ = {isa = PBXBuildFile; fileRef = C9696B401E5EBC15001A141D /* CategoryTests.m */; };
		C9696B4C1E5EBC15001A141D /* CategoryUITests.m in Sources */ = {isa = PBXBuildFile; fileRef = C9696B4B1E5EBC15001A141D /* CategoryUITests.m */; };
		C9696B6F1E5ED01C001A141D /* AppDelegate.m in Sources */ = {isa = PBXBuildFile; fileRef = C9696B6B1E5ED01C001A141D /* AppDelegate.m */; };
		C9696B731E5ED63E001A141D /* UIImage+FixOrientation.m in Sources */ = {isa = PBXBuildFile; fileRef = C9696B721E5ED63E001A141D /* UIImage+FixOrientation.m */; };
		C9696B761E5ED7BC001A141D /* UIImage+SDExtend.m in Sources */ = {isa = PBXBuildFile; fileRef = C9696B751E5ED7BC001A141D /* UIImage+SDExtend.m */; };
		C970CB321EA754B100309A9D /* SDEssenceViewController.m in Sources */ = {isa = PBXBuildFile; fileRef = C970CB1F1EA754B100309A9D /* SDEssenceViewController.m */; };
		C970CB331EA754B100309A9D /* SDNewListCell.m in Sources */ = {isa = PBXBuildFile; fileRef = C970CB221EA754B100309A9D /* SDNewListCell.m */; };
		C970CB341EA754B100309A9D /* SDNewListModel.m in Sources */ = {isa = PBXBuildFile; fileRef = C970CB241EA754B100309A9D /* SDNewListModel.m */; };
		C970CB351EA754B100309A9D /* TableViewController.m in Sources */ = {isa = PBXBuildFile; fileRef = C970CB261EA754B100309A9D /* TableViewController.m */; };
		C970CB361EA754B100309A9D /* SDRecommendLeftCell.m in Sources */ = {isa = PBXBuildFile; fileRef = C970CB291EA754B100309A9D /* SDRecommendLeftCell.m */; };
		C970CB371EA754B100309A9D /* SDRecommendLeftModel.m in Sources */ = {isa = PBXBuildFile; fileRef = C970CB2B1EA754B100309A9D /* SDRecommendLeftModel.m */; };
		C970CB381EA754B100309A9D /* SDRecommendRightCell.m in Sources */ = {isa = PBXBuildFile; fileRef = C970CB2D1EA754B100309A9D /* SDRecommendRightCell.m */; };
		C970CB391EA754B100309A9D /* SDRecommendRightModel.m in Sources */ = {isa = PBXBuildFile; fileRef = C970CB2F1EA754B100309A9D /* SDRecommendRightModel.m */; };
		C970CB3A1EA754B100309A9D /* ViewController.m in Sources */ = {isa = PBXBuildFile; fileRef = C970CB311EA754B100309A9D /* ViewController.m */; };
		C970CB4F1EA8603700309A9D /* SDTopic.m in Sources */ = {isa = PBXBuildFile; fileRef = C970CB4E1EA8603700309A9D /* SDTopic.m */; };
		C970CB531EA8993900309A9D /* SDTopicCell.m in Sources */ = {isa = PBXBuildFile; fileRef = C970CB511EA8993900309A9D /* SDTopicCell.m */; };
		C970CB541EA8993900309A9D /* SDTopicCell.xib in Resources */ = {isa = PBXBuildFile; fileRef = C970CB521EA8993900309A9D /* SDTopicCell.xib */; };
		C970CB571EA9AE3B00309A9D /* NSDate+SDExtension.m in Sources */ = {isa = PBXBuildFile; fileRef = C970CB561EA9AE3B00309A9D /* NSDate+SDExtension.m */; };
		C970CB5A1EA9E7AC00309A9D /* SDBaseViewController.m in Sources */ = {isa = PBXBuildFile; fileRef = C970CB591EA9E7AC00309A9D /* SDBaseViewController.m */; };
		C9725C1A1E6CFA6A00BFD21E /* UILabel+SDExtend.m in Sources */ = {isa = PBXBuildFile; fileRef = C9725C191E6CFA6A00BFD21E /* UILabel+SDExtend.m */; };
		C9725C201E6D4F6800BFD21E /* CALayer+SDExtend.m in Sources */ = {isa = PBXBuildFile; fileRef = C9725C1F1E6D4F6800BFD21E /* CALayer+SDExtend.m */; };
		C9725C231E6D6F4700BFD21E /* UIBarButtonItem+SDExtend.m in Sources */ = {isa = PBXBuildFile; fileRef = C9725C221E6D6F4700BFD21E /* UIBarButtonItem+SDExtend.m */; };
		C97C47261EE6682D00935A7E /* SDTabBarController.m in Sources */ = {isa = PBXBuildFile; fileRef = C97C47251EE6682D00935A7E /* SDTabBarController.m */; };
		C97C47291EE6810300935A7E /* SDTabBar.m in Sources */ = {isa = PBXBuildFile; fileRef = C97C47281EE6810300935A7E /* SDTabBar.m */; };
		C97C472C1EE683F200935A7E /* SDPublishViewController.m in Sources */ = {isa = PBXBuildFile; fileRef = C97C472B1EE683F200935A7E /* SDPublishViewController.m */; };
		C98290D91ECC4C6100CFF616 /* UIImageView+SDExtension.m in Sources */ = {isa = PBXBuildFile; fileRef = C98290D81ECC4C6100CFF616 /* UIImageView+SDExtension.m */; };
		C98290DD1ECD906C00CFF616 /* SDMeViewController.m in Sources */ = {isa = PBXBuildFile; fileRef = C98290DC1ECD906C00CFF616 /* SDMeViewController.m */; };
		C98290E01ECDA45400CFF616 /* SDMeFooterView.m in Sources */ = {isa = PBXBuildFile; fileRef = C98290DF1ECDA45400CFF616 /* SDMeFooterView.m */; };
		C98290E31ECDA5E700CFF616 /* SDSquare.m in Sources */ = {isa = PBXBuildFile; fileRef = C98290E21ECDA5E700CFF616 /* SDSquare.m */; };
		C98290E61ECE9D1300CFF616 /* SDSqaureButton.m in Sources */ = {isa = PBXBuildFile; fileRef = C98290E51ECE9D1300CFF616 /* SDSqaureButton.m */; };
		C982E21B1EE149B400C31A7A /* SDNavigationController.m in Sources */ = {isa = PBXBuildFile; fileRef = C982E21A1EE149B400C31A7A /* SDNavigationController.m */; };
		C984B5481F1DB5A80082F594 /* SDCollectionViewTest.m in Sources */ = {isa = PBXBuildFile; fileRef = C984B5421F1DB5A80082F594 /* SDCollectionViewTest.m */; };
		C984B5491F1DB5A80082F594 /* SDFlowLayout.m in Sources */ = {isa = PBXBuildFile; fileRef = C984B5441F1DB5A80082F594 /* SDFlowLayout.m */; };
		C984B54A1F1DB5A80082F594 /* TestView.m in Sources */ = {isa = PBXBuildFile; fileRef = C984B5461F1DB5A80082F594 /* TestView.m */; };
		C984B54B1F1DB5A80082F594 /* TestView.xib in Resources */ = {isa = PBXBuildFile; fileRef = C984B5471F1DB5A80082F594 /* TestView.xib */; };
		C984B54F1F1F23FF0082F594 /* SDNewViewController.m in Sources */ = {isa = PBXBuildFile; fileRef = C984B54E1F1F23FF0082F594 /* SDNewViewController.m */; };
		C984B5521F21A0660082F594 /* SDProgressView.m in Sources */ = {isa = PBXBuildFile; fileRef = C984B5511F21A0660082F594 /* SDProgressView.m */; };
		C98C20A41EB882AA002FABEF /* SDCenterPictureView.m in Sources */ = {isa = PBXBuildFile; fileRef = C98C20A31EB882AA002FABEF /* SDCenterPictureView.m */; };
		C98C20A61EB882B7002FABEF /* SDCenterPictureView.xib in Resources */ = {isa = PBXBuildFile; fileRef = C98C20A51EB882B7002FABEF /* SDCenterPictureView.xib */; };
		C98C20A91EB88C8D002FABEF /* SDComment.m in Sources */ = {isa = PBXBuildFile; fileRef = C98C20A81EB88C8D002FABEF /* SDComment.m */; };
		C98C20AC1EB88C9B002FABEF /* SDUser.m in Sources */ = {isa = PBXBuildFile; fileRef = C98C20AB1EB88C9B002FABEF /* SDUser.m */; };
		C98D06E01E6818B600F6F3B3 /* UIColor+SDExtend.m in Sources */ = {isa = PBXBuildFile; fileRef = C98D06DF1E6818B600F6F3B3 /* UIColor+SDExtend.m */; };
		C98D06E41E68207B00F6F3B3 /* SDCommonConst.m in Sources */ = {isa = PBXBuildFile; fileRef = C98D06E31E68207B00F6F3B3 /* SDCommonConst.m */; };
		C9913FC81F25E17D0031E968 /* SDUserListViewController.m in Sources */ = {isa = PBXBuildFile; fileRef = C9913FC71F25E17D0031E968 /* SDUserListViewController.m */; };
		C9913FCF1F25ED210031E968 /* UIViewController+SDCurrentNav.m in Sources */ = {isa = PBXBuildFile; fileRef = C9913FCE1F25ED210031E968 /* UIViewController+SDCurrentNav.m */; };
		C9913FD81F25FB8B0031E968 /* SDCommentCell.m in Sources */ = {isa = PBXBuildFile; fileRef = C9913FD21F25FB8B0031E968 /* SDCommentCell.m */; };
		C9913FD91F25FB8B0031E968 /* SDCommentCell.xib in Resources */ = {isa = PBXBuildFile; fileRef = C9913FD31F25FB8B0031E968 /* SDCommentCell.xib */; };
		C9913FDA1F25FB8B0031E968 /* SDCommentSectionHeader.m in Sources */ = {isa = PBXBuildFile; fileRef = C9913FD51F25FB8B0031E968 /* SDCommentSectionHeader.m */; };
		C9913FDB1F25FB8B0031E968 /* SDCommentViewController.m in Sources */ = {isa = PBXBuildFile; fileRef = C9913FD71F25FB8B0031E968 /* SDCommentViewController.m */; };
		C9A7DD7F1E6037B4006BAF4C /* UIView+SDExtend.m in Sources */ = {isa = PBXBuildFile; fileRef = C9A7DD7E1E6037B4006BAF4C /* UIView+SDExtend.m */; };
		C9B196F01EB0894300E366EC /* SDShowPictureViewController.m in Sources */ = {isa = PBXBuildFile; fileRef = C9B196EE1EB0894300E366EC /* SDShowPictureViewController.m */; };
		C9B196F11EB0894300E366EC /* SDShowPictureViewController.xib in Resources */ = {isa = PBXBuildFile; fileRef = C9B196EF1EB0894300E366EC /* SDShowPictureViewController.xib */; };
		C9BF799D1E6EA0F0006DF566 /* UIButton+SDExtend.m in Sources */ = {isa = PBXBuildFile; fileRef = C9BF799C1E6EA0F0006DF566 /* UIButton+SDExtend.m */; };
		C9C7EB851F1726BE001F61AA /* SDTopicVideoView.m in Sources */ = {isa = PBXBuildFile; fileRef = C9C7EB841F1726BE001F61AA /* SDTopicVideoView.m */; };
		C9C7EB871F172731001F61AA /* SDTopicVideoView.xib in Resources */ = {isa = PBXBuildFile; fileRef = C9C7EB861F172731001F61AA /* SDTopicVideoView.xib */; };
		C9C7EB8A1F172819001F61AA /* SDTopicVoiceView.m in Sources */ = {isa = PBXBuildFile; fileRef = C9C7EB891F172819001F61AA /* SDTopicVoiceView.m */; };
		C9C7EB8C1F172831001F61AA /* SDTopicVoiceView.xib in Resources */ = {isa = PBXBuildFile; fileRef = C9C7EB8B1F172831001F61AA /* SDTopicVoiceView.xib */; };
		C9C7EB8F1F18A87C001F61AA /* SDRefreshHeader.m in Sources */ = {isa = PBXBuildFile; fileRef = C9C7EB8E1F18A87C001F61AA /* SDRefreshHeader.m */; };
		C9C7EB921F18A89E001F61AA /* SDRefreshFooter.m in Sources */ = {isa = PBXBuildFile; fileRef = C9C7EB911F18A89E001F61AA /* SDRefreshFooter.m */; };
		C9C7EB951F18AC0D001F61AA /* SDRefreshGifHeader.m in Sources */ = {isa = PBXBuildFile; fileRef = C9C7EB941F18AC0D001F61AA /* SDRefreshGifHeader.m */; };
		C9C7EB981F18C8C7001F61AA /* SDRefreshAutoGifFooter.m in Sources */ = {isa = PBXBuildFile; fileRef = C9C7EB971F18C8C7001F61AA /* SDRefreshAutoGifFooter.m */; };
		C9F540141F0DF2C5006959BA /* WRNavigationBar.m in Sources */ = {isa = PBXBuildFile; fileRef = C9F540131F0DF2C5006959BA /* WRNavigationBar.m */; };
		C9F71AC81F0F22D30099E388 /* SDWebViewController.m in Sources */ = {isa = PBXBuildFile; fileRef = C9F71AC61F0F22D30099E388 /* SDWebViewController.m */; };
		C9F71AC91F0F22D30099E388 /* SDWebViewController.xib in Resources */ = {isa = PBXBuildFile; fileRef = C9F71AC71F0F22D30099E388 /* SDWebViewController.xib */; };
		C9F71ACC1F0F7DE70099E388 /* SDClearCacheCell.m in Sources */ = {isa = PBXBuildFile; fileRef = C9F71ACB1F0F7DE70099E388 /* SDClearCacheCell.m */; };
		C9FFCC281EE6AFCD00BBA737 /* SDFriendTrendsViewController.m in Sources */ = {isa = PBXBuildFile; fileRef = C9FFCC271EE6AFCD00BBA737 /* SDFriendTrendsViewController.m */; };
		C9FFCC2E1EEA493F00BBA737 /* SDPublishView.m in Sources */ = {isa = PBXBuildFile; fileRef = C9FFCC2D1EEA493F00BBA737 /* SDPublishView.m */; };
/* End PBXBuildFile section */

/* Begin PBXContainerItemProxy section */
		C9696B3D1E5EBC15001A141D /* PBXContainerItemProxy */ = {
			isa = PBXContainerItemProxy;
			containerPortal = C9696B1B1E5EBC15001A141D /* Project object */;
			proxyType = 1;
			remoteGlobalIDString = C9696B221E5EBC15001A141D;
			remoteInfo = Category;
		};
		C9696B481E5EBC15001A141D /* PBXContainerItemProxy */ = {
			isa = PBXContainerItemProxy;
			containerPortal = C9696B1B1E5EBC15001A141D /* Project object */;
			proxyType = 1;
			remoteGlobalIDString = C9696B221E5EBC15001A141D;
			remoteInfo = Category;
		};
/* End PBXContainerItemProxy section */

/* Begin PBXFileReference section */
		13A0B00D0A5B02E550D38CF3 /* Pods_Category.framework */ = {isa = PBXFileReference; explicitFileType = wrapper.framework; includeInIndex = 0; path = Pods_Category.framework; sourceTree = BUILT_PRODUCTS_DIR; };
		41DA5859020CCB13D0D46C08 /* Pods-Category.release.xcconfig */ = {isa = PBXFileReference; includeInIndex = 1; lastKnownFileType = text.xcconfig; name = "Pods-Category.release.xcconfig"; path = "Pods/Target Support Files/Pods-Category/Pods-Category.release.xcconfig"; sourceTree = "<group>"; };
		8FAA838841B9FCDB92E9AD69 /* Pods-Category.debug.xcconfig */ = {isa = PBXFileReference; includeInIndex = 1; lastKnownFileType = text.xcconfig; name = "Pods-Category.debug.xcconfig"; path = "Pods/Target Support Files/Pods-Category/Pods-Category.debug.xcconfig"; sourceTree = "<group>"; };
		C919B1371EEEA1E900D5E3ED /* SDExtensionConfig.h */ = {isa = PBXFileReference; fileEncoding = 4; lastKnownFileType = sourcecode.c.h; path = SDExtensionConfig.h; sourceTree = "<group>"; };
		C919B1381EEEA1E900D5E3ED /* SDExtensionConfig.m */ = {isa = PBXFileReference; fileEncoding = 4; lastKnownFileType = sourcecode.c.objc; path = SDExtensionConfig.m; sourceTree = "<group>"; };
		C919B13A1EEFDF7600D5E3ED /* SDLoginViewController.h */ = {isa = PBXFileReference; fileEncoding = 4; lastKnownFileType = sourcecode.c.h; path = SDLoginViewController.h; sourceTree = "<group>"; };
		C919B13B1EEFDF7600D5E3ED /* SDLoginViewController.m */ = {isa = PBXFileReference; fileEncoding = 4; lastKnownFileType = sourcecode.c.objc; path = SDLoginViewController.m; sourceTree = "<group>"; };
		C919B13D1EF0DF7500D5E3ED /* SDLoginRegisterTextField.h */ = {isa = PBXFileReference; fileEncoding = 4; lastKnownFileType = sourcecode.c.h; path = SDLoginRegisterTextField.h; sourceTree = "<group>"; };
		C919B13E1EF0DF7500D5E3ED /* SDLoginRegisterTextField.m */ = {isa = PBXFileReference; fileEncoding = 4; lastKnownFileType = sourcecode.c.objc; path = SDLoginRegisterTextField.m; sourceTree = "<group>"; };
		C9347B881E9E131000F9BC9E /* SDNetworkHelper.h */ = {isa = PBXFileReference; fileEncoding = 4; lastKnownFileType = sourcecode.c.h; path = SDNetworkHelper.h; sourceTree = "<group>"; };
		C9347B891E9E131000F9BC9E /* SDNetworkHelper.m */ = {isa = PBXFileReference; fileEncoding = 4; lastKnownFileType = sourcecode.c.objc; path = SDNetworkHelper.m; sourceTree = "<group>"; };
		C9347B8B1E9E132E00F9BC9E /* SDNetworkCache.h */ = {isa = PBXFileReference; fileEncoding = 4; lastKnownFileType = sourcecode.c.h; path = SDNetworkCache.h; sourceTree = "<group>"; };
		C9347B8C1E9E132E00F9BC9E /* SDNetworkCache.m */ = {isa = PBXFileReference; fileEncoding = 4; lastKnownFileType = sourcecode.c.objc; path = SDNetworkCache.m; sourceTree = "<group>"; };
		C9347B8E1E9E135200F9BC9E /* SDHTTPRequest.h */ = {isa = PBXFileReference; fileEncoding = 4; lastKnownFileType = sourcecode.c.h; path = SDHTTPRequest.h; sourceTree = "<group>"; };
		C9347B8F1E9E135200F9BC9E /* SDHTTPRequest.m */ = {isa = PBXFileReference; fileEncoding = 4; lastKnownFileType = sourcecode.c.objc; path = SDHTTPRequest.m; sourceTree = "<group>"; };
		C9347B911E9F632B00F9BC9E /* NSObject+SDProperty.h */ = {isa = PBXFileReference; fileEncoding = 4; lastKnownFileType = sourcecode.c.h; path = "NSObject+SDProperty.h"; sourceTree = "<group>"; };
		C9347B921E9F632B00F9BC9E /* NSObject+SDProperty.m */ = {isa = PBXFileReference; fileEncoding = 4; lastKnownFileType = sourcecode.c.objc; path = "NSObject+SDProperty.m"; sourceTree = "<group>"; };
		C9551FE71F0266F8007085AD /* NSString+SDExtend.h */ = {isa = PBXFileReference; fileEncoding = 4; lastKnownFileType = sourcecode.c.h; path = "NSString+SDExtend.h"; sourceTree = "<group>"; };
		C9551FE81F0266F8007085AD /* NSString+SDExtend.m */ = {isa = PBXFileReference; fileEncoding = 4; lastKnownFileType = sourcecode.c.objc; path = "NSString+SDExtend.m"; sourceTree = "<group>"; };
		C966B2FD1ED2D53E00F08C05 /* SDPostWordViewController.h */ = {isa = PBXFileReference; fileEncoding = 4; lastKnownFileType = sourcecode.c.h; name = SDPostWordViewController.h; path = "Category/Classes/我/SDPostWordViewController.h"; sourceTree = SOURCE_ROOT; };
		C966B2FE1ED2D53E00F08C05 /* SDPostWordViewController.m */ = {isa = PBXFileReference; fileEncoding = 4; lastKnownFileType = sourcecode.c.objc; name = SDPostWordViewController.m; path = "Category/Classes/我/SDPostWordViewController.m"; sourceTree = SOURCE_ROOT; };
		C966B3011ED2E1CC00F08C05 /* SDTextView.h */ = {isa = PBXFileReference; fileEncoding = 4; lastKnownFileType = sourcecode.c.h; path = SDTextView.h; sourceTree = "<group>"; };
		C966B3021ED2E1CC00F08C05 /* SDTextView.m */ = {isa = PBXFileReference; fileEncoding = 4; lastKnownFileType = sourcecode.c.objc; path = SDTextView.m; sourceTree = "<group>"; };
		C966B3041ED5427700F08C05 /* SDAddTagToolbar.h */ = {isa = PBXFileReference; fileEncoding = 4; lastKnownFileType = sourcecode.c.h; name = SDAddTagToolbar.h; path = Category/Tools/SDAddTagToolbar.h; sourceTree = SOURCE_ROOT; };
		C966B3051ED5427700F08C05 /* SDAddTagToolbar.m */ = {isa = PBXFileReference; fileEncoding = 4; lastKnownFileType = sourcecode.c.objc; name = SDAddTagToolbar.m; path = Category/Tools/SDAddTagToolbar.m; sourceTree = SOURCE_ROOT; };
		C966B3071ED5428600F08C05 /* SDAddTagToolbar.xib */ = {isa = PBXFileReference; fileEncoding = 4; lastKnownFileType = file.xib; name = SDAddTagToolbar.xib; path = Category/Tools/SDAddTagToolbar.xib; sourceTree = SOURCE_ROOT; };
		C966B3091ED564FF00F08C05 /* SDAddTagViewController.h */ = {isa = PBXFileReference; fileEncoding = 4; lastKnownFileType = sourcecode.c.h; name = SDAddTagViewController.h; path = Category/Tools/SDAddTagViewController.h; sourceTree = SOURCE_ROOT; };
		C966B30A1ED564FF00F08C05 /* SDAddTagViewController.m */ = {isa = PBXFileReference; fileEncoding = 4; lastKnownFileType = sourcecode.c.objc; name = SDAddTagViewController.m; path = Category/Tools/SDAddTagViewController.m; sourceTree = SOURCE_ROOT; };
		C966B30C1ED6E76C00F08C05 /* SDTagTextField.h */ = {isa = PBXFileReference; fileEncoding = 4; lastKnownFileType = sourcecode.c.h; name = SDTagTextField.h; path = Category/Tools/SDTagTextField.h; sourceTree = SOURCE_ROOT; };
		C966B30D1ED6E76C00F08C05 /* SDTagTextField.m */ = {isa = PBXFileReference; fileEncoding = 4; lastKnownFileType = sourcecode.c.objc; name = SDTagTextField.m; path = Category/Tools/SDTagTextField.m; sourceTree = SOURCE_ROOT; };
		C966B30F1ED9219B00F08C05 /* SDSettingViewController.h */ = {isa = PBXFileReference; fileEncoding = 4; lastKnownFileType = sourcecode.c.h; path = SDSettingViewController.h; sourceTree = "<group>"; };
		C966B3101ED9219B00F08C05 /* SDSettingViewController.m */ = {isa = PBXFileReference; fileEncoding = 4; lastKnownFileType = sourcecode.c.objc; path = SDSettingViewController.m; sourceTree = "<group>"; };
		C966B3121ED9743D00F08C05 /* SDClearCache.h */ = {isa = PBXFileReference; fileEncoding = 4; lastKnownFileType = sourcecode.c.h; path = SDClearCache.h; sourceTree = "<group>"; };
		C966B3131ED9743D00F08C05 /* SDClearCache.m */ = {isa = PBXFileReference; fileEncoding = 4; lastKnownFileType = sourcecode.c.objc; path = SDClearCache.m; sourceTree = "<group>"; };
		C9696B231E5EBC15001A141D /* Category.app */ = {isa = PBXFileReference; explicitFileType = wrapper.application; includeInIndex = 0; path = Category.app; sourceTree = BUILT_PRODUCTS_DIR; };
		C9696B271E5EBC15001A141D /* main.m */ = {isa = PBXFileReference; lastKnownFileType = sourcecode.c.objc; path = main.m; sourceTree = "<group>"; };
		C9696B301E5EBC15001A141D /* Base */ = {isa = PBXFileReference; lastKnownFileType = file.storyboard; name = Base; path = Base.lproj/Main.storyboard; sourceTree = "<group>"; };
		C9696B321E5EBC15001A141D /* Assets.xcassets */ = {isa = PBXFileReference; lastKnownFileType = folder.assetcatalog; path = Assets.xcassets; sourceTree = "<group>"; };
		C9696B371E5EBC15001A141D /* Info.plist */ = {isa = PBXFileReference; lastKnownFileType = text.plist.xml; path = Info.plist; sourceTree = "<group>"; };
		C9696B3C1E5EBC15001A141D /* CategoryTests.xctest */ = {isa = PBXFileReference; explicitFileType = wrapper.cfbundle; includeInIndex = 0; path = CategoryTests.xctest; sourceTree = BUILT_PRODUCTS_DIR; };
		C9696B401E5EBC15001A141D /* CategoryTests.m */ = {isa = PBXFileReference; lastKnownFileType = sourcecode.c.objc; path = CategoryTests.m; sourceTree = "<group>"; };
		C9696B421E5EBC15001A141D /* Info.plist */ = {isa = PBXFileReference; lastKnownFileType = text.plist.xml; path = Info.plist; sourceTree = "<group>"; };
		C9696B471E5EBC15001A141D /* CategoryUITests.xctest */ = {isa = PBXFileReference; explicitFileType = wrapper.cfbundle; includeInIndex = 0; path = CategoryUITests.xctest; sourceTree = BUILT_PRODUCTS_DIR; };
		C9696B4B1E5EBC15001A141D /* CategoryUITests.m */ = {isa = PBXFileReference; lastKnownFileType = sourcecode.c.objc; path = CategoryUITests.m; sourceTree = "<group>"; };
		C9696B4D1E5EBC15001A141D /* Info.plist */ = {isa = PBXFileReference; lastKnownFileType = text.plist.xml; path = Info.plist; sourceTree = "<group>"; };
		C9696B6A1E5ED01C001A141D /* AppDelegate.h */ = {isa = PBXFileReference; fileEncoding = 4; lastKnownFileType = sourcecode.c.h; path = AppDelegate.h; sourceTree = "<group>"; };
		C9696B6B1E5ED01C001A141D /* AppDelegate.m */ = {isa = PBXFileReference; fileEncoding = 4; lastKnownFileType = sourcecode.c.objc; path = AppDelegate.m; sourceTree = "<group>"; };
		C9696B711E5ED63E001A141D /* UIImage+FixOrientation.h */ = {isa = PBXFileReference; fileEncoding = 4; lastKnownFileType = sourcecode.c.h; path = "UIImage+FixOrientation.h"; sourceTree = "<group>"; };
		C9696B721E5ED63E001A141D /* UIImage+FixOrientation.m */ = {isa = PBXFileReference; fileEncoding = 4; lastKnownFileType = sourcecode.c.objc; path = "UIImage+FixOrientation.m"; sourceTree = "<group>"; };
		C9696B741E5ED7BC001A141D /* UIImage+SDExtend.h */ = {isa = PBXFileReference; fileEncoding = 4; lastKnownFileType = sourcecode.c.h; path = "UIImage+SDExtend.h"; sourceTree = "<group>"; };
		C9696B751E5ED7BC001A141D /* UIImage+SDExtend.m */ = {isa = PBXFileReference; fileEncoding = 4; lastKnownFileType = sourcecode.c.objc; path = "UIImage+SDExtend.m"; sourceTree = "<group>"; };
		C9696B771E5EDA1A001A141D /* PrefixHeader.pch */ = {isa = PBXFileReference; lastKnownFileType = sourcecode.c.h; path = PrefixHeader.pch; sourceTree = "<group>"; };
		C970CB1E1EA754B100309A9D /* SDEssenceViewController.h */ = {isa = PBXFileReference; fileEncoding = 4; lastKnownFileType = sourcecode.c.h; path = SDEssenceViewController.h; sourceTree = "<group>"; };
		C970CB1F1EA754B100309A9D /* SDEssenceViewController.m */ = {isa = PBXFileReference; fileEncoding = 4; lastKnownFileType = sourcecode.c.objc; path = SDEssenceViewController.m; sourceTree = "<group>"; };
		C970CB211EA754B100309A9D /* SDNewListCell.h */ = {isa = PBXFileReference; fileEncoding = 4; lastKnownFileType = sourcecode.c.h; path = SDNewListCell.h; sourceTree = "<group>"; };
		C970CB221EA754B100309A9D /* SDNewListCell.m */ = {isa = PBXFileReference; fileEncoding = 4; lastKnownFileType = sourcecode.c.objc; path = SDNewListCell.m; sourceTree = "<group>"; };
		C970CB231EA754B100309A9D /* SDNewListModel.h */ = {isa = PBXFileReference; fileEncoding = 4; lastKnownFileType = sourcecode.c.h; path = SDNewListModel.h; sourceTree = "<group>"; };
		C970CB241EA754B100309A9D /* SDNewListModel.m */ = {isa = PBXFileReference; fileEncoding = 4; lastKnownFileType = sourcecode.c.objc; path = SDNewListModel.m; sourceTree = "<group>"; };
		C970CB251EA754B100309A9D /* TableViewController.h */ = {isa = PBXFileReference; fileEncoding = 4; lastKnownFileType = sourcecode.c.h; path = TableViewController.h; sourceTree = "<group>"; };
		C970CB261EA754B100309A9D /* TableViewController.m */ = {isa = PBXFileReference; fileEncoding = 4; lastKnownFileType = sourcecode.c.objc; path = TableViewController.m; sourceTree = "<group>"; };
		C970CB281EA754B100309A9D /* SDRecommendLeftCell.h */ = {isa = PBXFileReference; fileEncoding = 4; lastKnownFileType = sourcecode.c.h; path = SDRecommendLeftCell.h; sourceTree = "<group>"; };
		C970CB291EA754B100309A9D /* SDRecommendLeftCell.m */ = {isa = PBXFileReference; fileEncoding = 4; lastKnownFileType = sourcecode.c.objc; path = SDRecommendLeftCell.m; sourceTree = "<group>"; };
		C970CB2A1EA754B100309A9D /* SDRecommendLeftModel.h */ = {isa = PBXFileReference; fileEncoding = 4; lastKnownFileType = sourcecode.c.h; path = SDRecommendLeftModel.h; sourceTree = "<group>"; };
		C970CB2B1EA754B100309A9D /* SDRecommendLeftModel.m */ = {isa = PBXFileReference; fileEncoding = 4; lastKnownFileType = sourcecode.c.objc; path = SDRecommendLeftModel.m; sourceTree = "<group>"; };
		C970CB2C1EA754B100309A9D /* SDRecommendRightCell.h */ = {isa = PBXFileReference; fileEncoding = 4; lastKnownFileType = sourcecode.c.h; path = SDRecommendRightCell.h; sourceTree = "<group>"; };
		C970CB2D1EA754B100309A9D /* SDRecommendRightCell.m */ = {isa = PBXFileReference; fileEncoding = 4; lastKnownFileType = sourcecode.c.objc; path = SDRecommendRightCell.m; sourceTree = "<group>"; };
		C970CB2E1EA754B100309A9D /* SDRecommendRightModel.h */ = {isa = PBXFileReference; fileEncoding = 4; lastKnownFileType = sourcecode.c.h; path = SDRecommendRightModel.h; sourceTree = "<group>"; };
		C970CB2F1EA754B100309A9D /* SDRecommendRightModel.m */ = {isa = PBXFileReference; fileEncoding = 4; lastKnownFileType = sourcecode.c.objc; path = SDRecommendRightModel.m; sourceTree = "<group>"; };
		C970CB301EA754B100309A9D /* ViewController.h */ = {isa = PBXFileReference; fileEncoding = 4; lastKnownFileType = sourcecode.c.h; path = ViewController.h; sourceTree = "<group>"; };
		C970CB311EA754B100309A9D /* ViewController.m */ = {isa = PBXFileReference; fileEncoding = 4; lastKnownFileType = sourcecode.c.objc; path = ViewController.m; sourceTree = "<group>"; };
		C970CB4D1EA8603700309A9D /* SDTopic.h */ = {isa = PBXFileReference; fileEncoding = 4; lastKnownFileType = sourcecode.c.h; path = SDTopic.h; sourceTree = "<group>"; };
		C970CB4E1EA8603700309A9D /* SDTopic.m */ = {isa = PBXFileReference; fileEncoding = 4; lastKnownFileType = sourcecode.c.objc; path = SDTopic.m; sourceTree = "<group>"; };
		C970CB501EA8993900309A9D /* SDTopicCell.h */ = {isa = PBXFileReference; fileEncoding = 4; lastKnownFileType = sourcecode.c.h; path = SDTopicCell.h; sourceTree = "<group>"; };
		C970CB511EA8993900309A9D /* SDTopicCell.m */ = {isa = PBXFileReference; fileEncoding = 4; lastKnownFileType = sourcecode.c.objc; path = SDTopicCell.m; sourceTree = "<group>"; };
		C970CB521EA8993900309A9D /* SDTopicCell.xib */ = {isa = PBXFileReference; fileEncoding = 4; lastKnownFileType = file.xib; path = SDTopicCell.xib; sourceTree = "<group>"; };
		C970CB551EA9AE3B00309A9D /* NSDate+SDExtension.h */ = {isa = PBXFileReference; fileEncoding = 4; lastKnownFileType = sourcecode.c.h; path = "NSDate+SDExtension.h"; sourceTree = "<group>"; };
		C970CB561EA9AE3B00309A9D /* NSDate+SDExtension.m */ = {isa = PBXFileReference; fileEncoding = 4; lastKnownFileType = sourcecode.c.objc; path = "NSDate+SDExtension.m"; sourceTree = "<group>"; };
		C970CB581EA9E7AC00309A9D /* SDBaseViewController.h */ = {isa = PBXFileReference; fileEncoding = 4; lastKnownFileType = sourcecode.c.h; path = SDBaseViewController.h; sourceTree = "<group>"; };
		C970CB591EA9E7AC00309A9D /* SDBaseViewController.m */ = {isa = PBXFileReference; fileEncoding = 4; lastKnownFileType = sourcecode.c.objc; path = SDBaseViewController.m; sourceTree = "<group>"; };
		C9725C181E6CFA6A00BFD21E /* UILabel+SDExtend.h */ = {isa = PBXFileReference; fileEncoding = 4; lastKnownFileType = sourcecode.c.h; path = "UILabel+SDExtend.h"; sourceTree = "<group>"; };
		C9725C191E6CFA6A00BFD21E /* UILabel+SDExtend.m */ = {isa = PBXFileReference; fileEncoding = 4; lastKnownFileType = sourcecode.c.objc; path = "UILabel+SDExtend.m"; sourceTree = "<group>"; };
		C9725C1E1E6D4F6800BFD21E /* CALayer+SDExtend.h */ = {isa = PBXFileReference; fileEncoding = 4; lastKnownFileType = sourcecode.c.h; path = "CALayer+SDExtend.h"; sourceTree = "<group>"; };
		C9725C1F1E6D4F6800BFD21E /* CALayer+SDExtend.m */ = {isa = PBXFileReference; fileEncoding = 4; lastKnownFileType = sourcecode.c.objc; path = "CALayer+SDExtend.m"; sourceTree = "<group>"; };
		C9725C211E6D6F4700BFD21E /* UIBarButtonItem+SDExtend.h */ = {isa = PBXFileReference; fileEncoding = 4; lastKnownFileType = sourcecode.c.h; path = "UIBarButtonItem+SDExtend.h"; sourceTree = "<group>"; };
		C9725C221E6D6F4700BFD21E /* UIBarButtonItem+SDExtend.m */ = {isa = PBXFileReference; fileEncoding = 4; lastKnownFileType = sourcecode.c.objc; path = "UIBarButtonItem+SDExtend.m"; sourceTree = "<group>"; };
		C97C47241EE6682D00935A7E /* SDTabBarController.h */ = {isa = PBXFileReference; fileEncoding = 4; lastKnownFileType = sourcecode.c.h; path = SDTabBarController.h; sourceTree = "<group>"; };
		C97C47251EE6682D00935A7E /* SDTabBarController.m */ = {isa = PBXFileReference; fileEncoding = 4; lastKnownFileType = sourcecode.c.objc; path = SDTabBarController.m; sourceTree = "<group>"; };
		C97C47271EE6810300935A7E /* SDTabBar.h */ = {isa = PBXFileReference; fileEncoding = 4; lastKnownFileType = sourcecode.c.h; path = SDTabBar.h; sourceTree = "<group>"; };
		C97C47281EE6810300935A7E /* SDTabBar.m */ = {isa = PBXFileReference; fileEncoding = 4; lastKnownFileType = sourcecode.c.objc; path = SDTabBar.m; sourceTree = "<group>"; };
		C97C472A1EE683F200935A7E /* SDPublishViewController.h */ = {isa = PBXFileReference; fileEncoding = 4; lastKnownFileType = sourcecode.c.h; name = SDPublishViewController.h; path = Category/Tools/SDPublishViewController.h; sourceTree = SOURCE_ROOT; };
		C97C472B1EE683F200935A7E /* SDPublishViewController.m */ = {isa = PBXFileReference; fileEncoding = 4; lastKnownFileType = sourcecode.c.objc; name = SDPublishViewController.m; path = Category/Tools/SDPublishViewController.m; sourceTree = SOURCE_ROOT; };
		C98290D71ECC4C6100CFF616 /* UIImageView+SDExtension.h */ = {isa = PBXFileReference; fileEncoding = 4; lastKnownFileType = sourcecode.c.h; path = "UIImageView+SDExtension.h"; sourceTree = "<group>"; };
		C98290D81ECC4C6100CFF616 /* UIImageView+SDExtension.m */ = {isa = PBXFileReference; fileEncoding = 4; lastKnownFileType = sourcecode.c.objc; path = "UIImageView+SDExtension.m"; sourceTree = "<group>"; };
		C98290DB1ECD906C00CFF616 /* SDMeViewController.h */ = {isa = PBXFileReference; fileEncoding = 4; lastKnownFileType = sourcecode.c.h; path = SDMeViewController.h; sourceTree = "<group>"; };
		C98290DC1ECD906C00CFF616 /* SDMeViewController.m */ = {isa = PBXFileReference; fileEncoding = 4; lastKnownFileType = sourcecode.c.objc; path = SDMeViewController.m; sourceTree = "<group>"; };
		C98290DE1ECDA45400CFF616 /* SDMeFooterView.h */ = {isa = PBXFileReference; fileEncoding = 4; lastKnownFileType = sourcecode.c.h; path = SDMeFooterView.h; sourceTree = "<group>"; };
		C98290DF1ECDA45400CFF616 /* SDMeFooterView.m */ = {isa = PBXFileReference; fileEncoding = 4; lastKnownFileType = sourcecode.c.objc; path = SDMeFooterView.m; sourceTree = "<group>"; };
		C98290E11ECDA5E700CFF616 /* SDSquare.h */ = {isa = PBXFileReference; fileEncoding = 4; lastKnownFileType = sourcecode.c.h; path = SDSquare.h; sourceTree = "<group>"; };
		C98290E21ECDA5E700CFF616 /* SDSquare.m */ = {isa = PBXFileReference; fileEncoding = 4; lastKnownFileType = sourcecode.c.objc; path = SDSquare.m; sourceTree = "<group>"; };
		C98290E41ECE9D1300CFF616 /* SDSqaureButton.h */ = {isa = PBXFileReference; fileEncoding = 4; lastKnownFileType = sourcecode.c.h; path = SDSqaureButton.h; sourceTree = "<group>"; };
		C98290E51ECE9D1300CFF616 /* SDSqaureButton.m */ = {isa = PBXFileReference; fileEncoding = 4; lastKnownFileType = sourcecode.c.objc; path = SDSqaureButton.m; sourceTree = "<group>"; };
		C982E2191EE149B400C31A7A /* SDNavigationController.h */ = {isa = PBXFileReference; fileEncoding = 4; lastKnownFileType = sourcecode.c.h; path = SDNavigationController.h; sourceTree = "<group>"; };
		C982E21A1EE149B400C31A7A /* SDNavigationController.m */ = {isa = PBXFileReference; fileEncoding = 4; lastKnownFileType = sourcecode.c.objc; path = SDNavigationController.m; sourceTree = "<group>"; };
		C984B5411F1DB5A80082F594 /* SDCollectionViewTest.h */ = {isa = PBXFileReference; fileEncoding = 4; lastKnownFileType = sourcecode.c.h; path = SDCollectionViewTest.h; sourceTree = "<group>"; };
		C984B5421F1DB5A80082F594 /* SDCollectionViewTest.m */ = {isa = PBXFileReference; fileEncoding = 4; lastKnownFileType = sourcecode.c.objc; path = SDCollectionViewTest.m; sourceTree = "<group>"; };
		C984B5431F1DB5A80082F594 /* SDFlowLayout.h */ = {isa = PBXFileReference; fileEncoding = 4; lastKnownFileType = sourcecode.c.h; path = SDFlowLayout.h; sourceTree = "<group>"; };
		C984B5441F1DB5A80082F594 /* SDFlowLayout.m */ = {isa = PBXFileReference; fileEncoding = 4; lastKnownFileType = sourcecode.c.objc; path = SDFlowLayout.m; sourceTree = "<group>"; };
		C984B5451F1DB5A80082F594 /* TestView.h */ = {isa = PBXFileReference; fileEncoding = 4; lastKnownFileType = sourcecode.c.h; path = TestView.h; sourceTree = "<group>"; };
		C984B5461F1DB5A80082F594 /* TestView.m */ = {isa = PBXFileReference; fileEncoding = 4; lastKnownFileType = sourcecode.c.objc; path = TestView.m; sourceTree = "<group>"; };
		C984B5471F1DB5A80082F594 /* TestView.xib */ = {isa = PBXFileReference; fileEncoding = 4; lastKnownFileType = file.xib; path = TestView.xib; sourceTree = "<group>"; };
		C984B54D1F1F23FF0082F594 /* SDNewViewController.h */ = {isa = PBXFileReference; fileEncoding = 4; lastKnownFileType = sourcecode.c.h; path = SDNewViewController.h; sourceTree = "<group>"; };
		C984B54E1F1F23FF0082F594 /* SDNewViewController.m */ = {isa = PBXFileReference; fileEncoding = 4; lastKnownFileType = sourcecode.c.objc; path = SDNewViewController.m; sourceTree = "<group>"; };
		C984B5501F21A0660082F594 /* SDProgressView.h */ = {isa = PBXFileReference; fileEncoding = 4; lastKnownFileType = sourcecode.c.h; path = SDProgressView.h; sourceTree = "<group>"; };
		C984B5511F21A0660082F594 /* SDProgressView.m */ = {isa = PBXFileReference; fileEncoding = 4; lastKnownFileType = sourcecode.c.objc; path = SDProgressView.m; sourceTree = "<group>"; };
		C98C20A21EB882AA002FABEF /* SDCenterPictureView.h */ = {isa = PBXFileReference; fileEncoding = 4; lastKnownFileType = sourcecode.c.h; path = SDCenterPictureView.h; sourceTree = "<group>"; };
		C98C20A31EB882AA002FABEF /* SDCenterPictureView.m */ = {isa = PBXFileReference; fileEncoding = 4; lastKnownFileType = sourcecode.c.objc; path = SDCenterPictureView.m; sourceTree = "<group>"; };
		C98C20A51EB882B7002FABEF /* SDCenterPictureView.xib */ = {isa = PBXFileReference; fileEncoding = 4; lastKnownFileType = file.xib; path = SDCenterPictureView.xib; sourceTree = "<group>"; };
		C98C20A71EB88C8D002FABEF /* SDComment.h */ = {isa = PBXFileReference; fileEncoding = 4; lastKnownFileType = sourcecode.c.h; path = SDComment.h; sourceTree = "<group>"; };
		C98C20A81EB88C8D002FABEF /* SDComment.m */ = {isa = PBXFileReference; fileEncoding = 4; lastKnownFileType = sourcecode.c.objc; path = SDComment.m; sourceTree = "<group>"; };
		C98C20AA1EB88C9B002FABEF /* SDUser.h */ = {isa = PBXFileReference; fileEncoding = 4; lastKnownFileType = sourcecode.c.h; path = SDUser.h; sourceTree = "<group>"; };
		C98C20AB1EB88C9B002FABEF /* SDUser.m */ = {isa = PBXFileReference; fileEncoding = 4; lastKnownFileType = sourcecode.c.objc; path = SDUser.m; sourceTree = "<group>"; };
		C98D06DE1E6818B600F6F3B3 /* UIColor+SDExtend.h */ = {isa = PBXFileReference; fileEncoding = 4; lastKnownFileType = sourcecode.c.h; path = "UIColor+SDExtend.h"; sourceTree = "<group>"; };
		C98D06DF1E6818B600F6F3B3 /* UIColor+SDExtend.m */ = {isa = PBXFileReference; fileEncoding = 4; lastKnownFileType = sourcecode.c.objc; path = "UIColor+SDExtend.m"; sourceTree = "<group>"; };
		C98D06E11E68203300F6F3B3 /* SDMacro.h */ = {isa = PBXFileReference; lastKnownFileType = sourcecode.c.h; path = SDMacro.h; sourceTree = "<group>"; };
		C98D06E21E68207B00F6F3B3 /* SDCommonConst.h */ = {isa = PBXFileReference; fileEncoding = 4; lastKnownFileType = sourcecode.c.h; path = SDCommonConst.h; sourceTree = "<group>"; };
		C98D06E31E68207B00F6F3B3 /* SDCommonConst.m */ = {isa = PBXFileReference; fileEncoding = 4; lastKnownFileType = sourcecode.c.objc; path = SDCommonConst.m; sourceTree = "<group>"; };
		C9913FC61F25E17D0031E968 /* SDUserListViewController.h */ = {isa = PBXFileReference; fileEncoding = 4; lastKnownFileType = sourcecode.c.h; path = SDUserListViewController.h; sourceTree = "<group>"; };
		C9913FC71F25E17D0031E968 /* SDUserListViewController.m */ = {isa = PBXFileReference; fileEncoding = 4; lastKnownFileType = sourcecode.c.objc; path = SDUserListViewController.m; sourceTree = "<group>"; };
		C9913FCD1F25ED210031E968 /* UIViewController+SDCurrentNav.h */ = {isa = PBXFileReference; fileEncoding = 4; lastKnownFileType = sourcecode.c.h; path = "UIViewController+SDCurrentNav.h"; sourceTree = "<group>"; };
		C9913FCE1F25ED210031E968 /* UIViewController+SDCurrentNav.m */ = {isa = PBXFileReference; fileEncoding = 4; lastKnownFileType = sourcecode.c.objc; path = "UIViewController+SDCurrentNav.m"; sourceTree = "<group>"; };
		C9913FD11F25FB8B0031E968 /* SDCommentCell.h */ = {isa = PBXFileReference; fileEncoding = 4; lastKnownFileType = sourcecode.c.h; path = SDCommentCell.h; sourceTree = "<group>"; };
		C9913FD21F25FB8B0031E968 /* SDCommentCell.m */ = {isa = PBXFileReference; fileEncoding = 4; lastKnownFileType = sourcecode.c.objc; path = SDCommentCell.m; sourceTree = "<group>"; };
		C9913FD31F25FB8B0031E968 /* SDCommentCell.xib */ = {isa = PBXFileReference; fileEncoding = 4; lastKnownFileType = file.xib; path = SDCommentCell.xib; sourceTree = "<group>"; };
		C9913FD41F25FB8B0031E968 /* SDCommentSectionHeader.h */ = {isa = PBXFileReference; fileEncoding = 4; lastKnownFileType = sourcecode.c.h; path = SDCommentSectionHeader.h; sourceTree = "<group>"; };
		C9913FD51F25FB8B0031E968 /* SDCommentSectionHeader.m */ = {isa = PBXFileReference; fileEncoding = 4; lastKnownFileType = sourcecode.c.objc; path = SDCommentSectionHeader.m; sourceTree = "<group>"; };
		C9913FD61F25FB8B0031E968 /* SDCommentViewController.h */ = {isa = PBXFileReference; fileEncoding = 4; lastKnownFileType = sourcecode.c.h; path = SDCommentViewController.h; sourceTree = "<group>"; };
		C9913FD71F25FB8B0031E968 /* SDCommentViewController.m */ = {isa = PBXFileReference; fileEncoding = 4; lastKnownFileType = sourcecode.c.objc; path = SDCommentViewController.m; sourceTree = "<group>"; };
		C9A7DD7D1E6037B4006BAF4C /* UIView+SDExtend.h */ = {isa = PBXFileReference; fileEncoding = 4; lastKnownFileType = sourcecode.c.h; path = "UIView+SDExtend.h"; sourceTree = "<group>"; };
		C9A7DD7E1E6037B4006BAF4C /* UIView+SDExtend.m */ = {isa = PBXFileReference; fileEncoding = 4; lastKnownFileType = sourcecode.c.objc; path = "UIView+SDExtend.m"; sourceTree = "<group>"; };
		C9B196ED1EB0894300E366EC /* SDShowPictureViewController.h */ = {isa = PBXFileReference; fileEncoding = 4; lastKnownFileType = sourcecode.c.h; path = SDShowPictureViewController.h; sourceTree = "<group>"; };
		C9B196EE1EB0894300E366EC /* SDShowPictureViewController.m */ = {isa = PBXFileReference; fileEncoding = 4; lastKnownFileType = sourcecode.c.objc; path = SDShowPictureViewController.m; sourceTree = "<group>"; };
		C9B196EF1EB0894300E366EC /* SDShowPictureViewController.xib */ = {isa = PBXFileReference; fileEncoding = 4; lastKnownFileType = file.xib; path = SDShowPictureViewController.xib; sourceTree = "<group>"; };
		C9BF799B1E6EA0F0006DF566 /* UIButton+SDExtend.h */ = {isa = PBXFileReference; fileEncoding = 4; lastKnownFileType = sourcecode.c.h; path = "UIButton+SDExtend.h"; sourceTree = "<group>"; };
		C9BF799C1E6EA0F0006DF566 /* UIButton+SDExtend.m */ = {isa = PBXFileReference; fileEncoding = 4; lastKnownFileType = sourcecode.c.objc; path = "UIButton+SDExtend.m"; sourceTree = "<group>"; };
		C9C7EB831F1726BE001F61AA /* SDTopicVideoView.h */ = {isa = PBXFileReference; fileEncoding = 4; lastKnownFileType = sourcecode.c.h; path = SDTopicVideoView.h; sourceTree = "<group>"; };
		C9C7EB841F1726BE001F61AA /* SDTopicVideoView.m */ = {isa = PBXFileReference; fileEncoding = 4; lastKnownFileType = sourcecode.c.objc; path = SDTopicVideoView.m; sourceTree = "<group>"; };
		C9C7EB861F172731001F61AA /* SDTopicVideoView.xib */ = {isa = PBXFileReference; fileEncoding = 4; lastKnownFileType = file.xib; path = SDTopicVideoView.xib; sourceTree = "<group>"; };
		C9C7EB881F172819001F61AA /* SDTopicVoiceView.h */ = {isa = PBXFileReference; fileEncoding = 4; lastKnownFileType = sourcecode.c.h; path = SDTopicVoiceView.h; sourceTree = "<group>"; };
		C9C7EB891F172819001F61AA /* SDTopicVoiceView.m */ = {isa = PBXFileReference; fileEncoding = 4; lastKnownFileType = sourcecode.c.objc; path = SDTopicVoiceView.m; sourceTree = "<group>"; };
		C9C7EB8B1F172831001F61AA /* SDTopicVoiceView.xib */ = {isa = PBXFileReference; fileEncoding = 4; lastKnownFileType = file.xib; path = SDTopicVoiceView.xib; sourceTree = "<group>"; };
		C9C7EB8D1F18A87C001F61AA /* SDRefreshHeader.h */ = {isa = PBXFileReference; fileEncoding = 4; lastKnownFileType = sourcecode.c.h; path = SDRefreshHeader.h; sourceTree = "<group>"; };
		C9C7EB8E1F18A87C001F61AA /* SDRefreshHeader.m */ = {isa = PBXFileReference; fileEncoding = 4; lastKnownFileType = sourcecode.c.objc; path = SDRefreshHeader.m; sourceTree = "<group>"; };
		C9C7EB901F18A89E001F61AA /* SDRefreshFooter.h */ = {isa = PBXFileReference; fileEncoding = 4; lastKnownFileType = sourcecode.c.h; path = SDRefreshFooter.h; sourceTree = "<group>"; };
		C9C7EB911F18A89E001F61AA /* SDRefreshFooter.m */ = {isa = PBXFileReference; fileEncoding = 4; lastKnownFileType = sourcecode.c.objc; path = SDRefreshFooter.m; sourceTree = "<group>"; };
		C9C7EB931F18AC0D001F61AA /* SDRefreshGifHeader.h */ = {isa = PBXFileReference; fileEncoding = 4; lastKnownFileType = sourcecode.c.h; path = SDRefreshGifHeader.h; sourceTree = "<group>"; };
		C9C7EB941F18AC0D001F61AA /* SDRefreshGifHeader.m */ = {isa = PBXFileReference; fileEncoding = 4; lastKnownFileType = sourcecode.c.objc; path = SDRefreshGifHeader.m; sourceTree = "<group>"; };
		C9C7EB961F18C8C7001F61AA /* SDRefreshAutoGifFooter.h */ = {isa = PBXFileReference; fileEncoding = 4; lastKnownFileType = sourcecode.c.h; path = SDRefreshAutoGifFooter.h; sourceTree = "<group>"; };
		C9C7EB971F18C8C7001F61AA /* SDRefreshAutoGifFooter.m */ = {isa = PBXFileReference; fileEncoding = 4; lastKnownFileType = sourcecode.c.objc; path = SDRefreshAutoGifFooter.m; sourceTree = "<group>"; };
		C9F540121F0DF2C5006959BA /* WRNavigationBar.h */ = {isa = PBXFileReference; fileEncoding = 4; lastKnownFileType = sourcecode.c.h; path = WRNavigationBar.h; sourceTree = "<group>"; };
		C9F540131F0DF2C5006959BA /* WRNavigationBar.m */ = {isa = PBXFileReference; fileEncoding = 4; lastKnownFileType = sourcecode.c.objc; path = WRNavigationBar.m; sourceTree = "<group>"; };
		C9F71AC51F0F22D30099E388 /* SDWebViewController.h */ = {isa = PBXFileReference; fileEncoding = 4; lastKnownFileType = sourcecode.c.h; path = SDWebViewController.h; sourceTree = "<group>"; };
		C9F71AC61F0F22D30099E388 /* SDWebViewController.m */ = {isa = PBXFileReference; fileEncoding = 4; lastKnownFileType = sourcecode.c.objc; path = SDWebViewController.m; sourceTree = "<group>"; };
		C9F71AC71F0F22D30099E388 /* SDWebViewController.xib */ = {isa = PBXFileReference; fileEncoding = 4; lastKnownFileType = file.xib; path = SDWebViewController.xib; sourceTree = "<group>"; };
		C9F71ACA1F0F7DE70099E388 /* SDClearCacheCell.h */ = {isa = PBXFileReference; fileEncoding = 4; lastKnownFileType = sourcecode.c.h; path = SDClearCacheCell.h; sourceTree = "<group>"; };
		C9F71ACB1F0F7DE70099E388 /* SDClearCacheCell.m */ = {isa = PBXFileReference; fileEncoding = 4; lastKnownFileType = sourcecode.c.objc; path = SDClearCacheCell.m; sourceTree = "<group>"; };
		C9FFCC261EE6AFCD00BBA737 /* SDFriendTrendsViewController.h */ = {isa = PBXFileReference; fileEncoding = 4; lastKnownFileType = sourcecode.c.h; path = SDFriendTrendsViewController.h; sourceTree = "<group>"; };
		C9FFCC271EE6AFCD00BBA737 /* SDFriendTrendsViewController.m */ = {isa = PBXFileReference; fileEncoding = 4; lastKnownFileType = sourcecode.c.objc; path = SDFriendTrendsViewController.m; sourceTree = "<group>"; };
		C9FFCC2C1EEA493F00BBA737 /* SDPublishView.h */ = {isa = PBXFileReference; fileEncoding = 4; lastKnownFileType = sourcecode.c.h; name = SDPublishView.h; path = Category/Tools/SDPublishView.h; sourceTree = SOURCE_ROOT; };
		C9FFCC2D1EEA493F00BBA737 /* SDPublishView.m */ = {isa = PBXFileReference; fileEncoding = 4; lastKnownFileType = sourcecode.c.objc; name = SDPublishView.m; path = Category/Tools/SDPublishView.m; sourceTree = SOURCE_ROOT; };
/* End PBXFileReference section */

/* Begin PBXFrameworksBuildPhase section */
		C9696B201E5EBC15001A141D /* Frameworks */ = {
			isa = PBXFrameworksBuildPhase;
			buildActionMask = 2147483647;
			files = (
				052A1CF19C7E20407995C7AB /* Pods_Category.framework in Frameworks */,
			);
			runOnlyForDeploymentPostprocessing = 0;
		};
		C9696B391E5EBC15001A141D /* Frameworks */ = {
			isa = PBXFrameworksBuildPhase;
			buildActionMask = 2147483647;
			files = (
			);
			runOnlyForDeploymentPostprocessing = 0;
		};
		C9696B441E5EBC15001A141D /* Frameworks */ = {
			isa = PBXFrameworksBuildPhase;
			buildActionMask = 2147483647;
			files = (
			);
			runOnlyForDeploymentPostprocessing = 0;
		};
/* End PBXFrameworksBuildPhase section */

/* Begin PBXGroup section */
		6C793D2B99C8DE603758BB36 /* Frameworks */ = {
			isa = PBXGroup;
			children = (
				13A0B00D0A5B02E550D38CF3 /* Pods_Category.framework */,
			);
			name = Frameworks;
			sourceTree = "<group>";
		};
		96D4C9B1B058B617F7C9D9C6 /* Pods */ = {
			isa = PBXGroup;
			children = (
				8FAA838841B9FCDB92E9AD69 /* Pods-Category.debug.xcconfig */,
				41DA5859020CCB13D0D46C08 /* Pods-Category.release.xcconfig */,
			);
			name = Pods;
			sourceTree = "<group>";
		};
		C9347B871E9E121A00F9BC9E /* ServerInterface */ = {
			isa = PBXGroup;
			children = (
				C9347B881E9E131000F9BC9E /* SDNetworkHelper.h */,
				C9347B891E9E131000F9BC9E /* SDNetworkHelper.m */,
				C9347B8B1E9E132E00F9BC9E /* SDNetworkCache.h */,
				C9347B8C1E9E132E00F9BC9E /* SDNetworkCache.m */,
				C9347B8E1E9E135200F9BC9E /* SDHTTPRequest.h */,
				C9347B8F1E9E135200F9BC9E /* SDHTTPRequest.m */,
			);
			path = ServerInterface;
			sourceTree = "<group>";
		};
		C966B2FC1ED2D47200F08C05 /* 发布新帖 */ = {
			isa = PBXGroup;
			children = (
				C97C472A1EE683F200935A7E /* SDPublishViewController.h */,
				C97C472B1EE683F200935A7E /* SDPublishViewController.m */,
				C966B2FD1ED2D53E00F08C05 /* SDPostWordViewController.h */,
				C966B2FE1ED2D53E00F08C05 /* SDPostWordViewController.m */,
				C966B3091ED564FF00F08C05 /* SDAddTagViewController.h */,
				C966B30A1ED564FF00F08C05 /* SDAddTagViewController.m */,
				C966B30C1ED6E76C00F08C05 /* SDTagTextField.h */,
				C966B30D1ED6E76C00F08C05 /* SDTagTextField.m */,
				C966B3041ED5427700F08C05 /* SDAddTagToolbar.h */,
				C966B3051ED5427700F08C05 /* SDAddTagToolbar.m */,
				C966B3071ED5428600F08C05 /* SDAddTagToolbar.xib */,
				C9FFCC2C1EEA493F00BBA737 /* SDPublishView.h */,
				C9FFCC2D1EEA493F00BBA737 /* SDPublishView.m */,
			);
			name = "发布新帖";
			path = "我/发布新帖";
			sourceTree = "<group>";
		};
		C967E18B1EF8F706002D96EF /* UINavigationBar */ = {
			isa = PBXGroup;
			children = (
				C9F540121F0DF2C5006959BA /* WRNavigationBar.h */,
				C9F540131F0DF2C5006959BA /* WRNavigationBar.m */,
			);
			path = UINavigationBar;
			sourceTree = "<group>";
		};
		C9696B1A1E5EBC15001A141D = {
			isa = PBXGroup;
			children = (
				C9696B251E5EBC15001A141D /* Category */,
				C9696B3F1E5EBC15001A141D /* CategoryTests */,
				C9696B4A1E5EBC15001A141D /* CategoryUITests */,
				C9696B241E5EBC15001A141D /* Products */,
				96D4C9B1B058B617F7C9D9C6 /* Pods */,
				6C793D2B99C8DE603758BB36 /* Frameworks */,
			);
			sourceTree = "<group>";
		};
		C9696B241E5EBC15001A141D /* Products */ = {
			isa = PBXGroup;
			children = (
				C9696B231E5EBC15001A141D /* Category.app */,
				C9696B3C1E5EBC15001A141D /* CategoryTests.xctest */,
				C9696B471E5EBC15001A141D /* CategoryUITests.xctest */,
			);
			name = Products;
			sourceTree = "<group>";
		};
		C9696B251E5EBC15001A141D /* Category */ = {
			isa = PBXGroup;
			children = (
				C9696B691E5ED01C001A141D /* Classes */,
				C9696B591E5ED01C001A141D /* Category */,
				C9696B6E1E5ED01C001A141D /* Tools */,
				C9696B321E5EBC15001A141D /* Assets.xcassets */,
				C9696B261E5EBC15001A141D /* Supporting Files */,
			);
			path = Category;
			sourceTree = "<group>";
		};
		C9696B261E5EBC15001A141D /* Supporting Files */ = {
			isa = PBXGroup;
			children = (
				C9696B371E5EBC15001A141D /* Info.plist */,
				C9696B271E5EBC15001A141D /* main.m */,
			);
			name = "Supporting Files";
			sourceTree = "<group>";
		};
		C9696B3F1E5EBC15001A141D /* CategoryTests */ = {
			isa = PBXGroup;
			children = (
				C9696B401E5EBC15001A141D /* CategoryTests.m */,
				C9696B421E5EBC15001A141D /* Info.plist */,
			);
			path = CategoryTests;
			sourceTree = "<group>";
		};
		C9696B4A1E5EBC15001A141D /* CategoryUITests */ = {
			isa = PBXGroup;
			children = (
				C9696B4B1E5EBC15001A141D /* CategoryUITests.m */,
				C9696B4D1E5EBC15001A141D /* Info.plist */,
			);
			path = CategoryUITests;
			sourceTree = "<group>";
		};
		C9696B591E5ED01C001A141D /* Category */ = {
			isa = PBXGroup;
			children = (
				C9913FCC1F25ECE20031E968 /* UIViewController */,
				C9696B5B1E5ED01C001A141D /* NSArray */,
				C9696B5C1E5ED01C001A141D /* NSDate */,
				C9696B5D1E5ED01C001A141D /* NSObject */,
				C9696B5E1E5ED01C001A141D /* NSString */,
				C9696B5A1E5ED01C001A141D /* CALayer */,
				C9696B5F1E5ED01C001A141D /* UIAlertView */,
				C9696B601E5ED01C001A141D /* UIApplication */,
				C967E18B1EF8F706002D96EF /* UINavigationBar */,
				C9696B611E5ED01C001A141D /* UIBarButtonItem */,
				C9696B621E5ED01C001A141D /* UIButton */,
				C9696B631E5ED01C001A141D /* UIColor */,
				C9696B641E5ED01C001A141D /* UIFont */,
				C9725C171E6CFA3600BFD21E /* UIlabel */,
				C98290D61ECC4C6100CFF616 /* UIImageView */,
				C9696B651E5ED01C001A141D /* UIImage */,
				C9696B661E5ED01C001A141D /* UITableViewCell */,
				C9696B671E5ED01C001A141D /* UITextView */,
				C9696B681E5ED01C001A141D /* UIView */,
			);
			path = Category;
			sourceTree = "<group>";
		};
		C9696B5A1E5ED01C001A141D /* CALayer */ = {
			isa = PBXGroup;
			children = (
				C9725C1E1E6D4F6800BFD21E /* CALayer+SDExtend.h */,
				C9725C1F1E6D4F6800BFD21E /* CALayer+SDExtend.m */,
			);
			path = CALayer;
			sourceTree = "<group>";
		};
		C9696B5B1E5ED01C001A141D /* NSArray */ = {
			isa = PBXGroup;
			children = (
			);
			path = NSArray;
			sourceTree = "<group>";
		};
		C9696B5C1E5ED01C001A141D /* NSDate */ = {
			isa = PBXGroup;
			children = (
				C970CB551EA9AE3B00309A9D /* NSDate+SDExtension.h */,
				C970CB561EA9AE3B00309A9D /* NSDate+SDExtension.m */,
			);
			path = NSDate;
			sourceTree = "<group>";
		};
		C9696B5D1E5ED01C001A141D /* NSObject */ = {
			isa = PBXGroup;
			children = (
				C9347B911E9F632B00F9BC9E /* NSObject+SDProperty.h */,
				C9347B921E9F632B00F9BC9E /* NSObject+SDProperty.m */,
			);
			path = NSObject;
			sourceTree = "<group>";
		};
		C9696B5E1E5ED01C001A141D /* NSString */ = {
			isa = PBXGroup;
			children = (
				C9551FE71F0266F8007085AD /* NSString+SDExtend.h */,
				C9551FE81F0266F8007085AD /* NSString+SDExtend.m */,
			);
			path = NSString;
			sourceTree = "<group>";
		};
		C9696B5F1E5ED01C001A141D /* UIAlertView */ = {
			isa = PBXGroup;
			children = (
			);
			path = UIAlertView;
			sourceTree = "<group>";
		};
		C9696B601E5ED01C001A141D /* UIApplication */ = {
			isa = PBXGroup;
			children = (
			);
			path = UIApplication;
			sourceTree = "<group>";
		};
		C9696B611E5ED01C001A141D /* UIBarButtonItem */ = {
			isa = PBXGroup;
			children = (
				C9725C211E6D6F4700BFD21E /* UIBarButtonItem+SDExtend.h */,
				C9725C221E6D6F4700BFD21E /* UIBarButtonItem+SDExtend.m */,
			);
			path = UIBarButtonItem;
			sourceTree = "<group>";
		};
		C9696B621E5ED01C001A141D /* UIButton */ = {
			isa = PBXGroup;
			children = (
				C9BF799B1E6EA0F0006DF566 /* UIButton+SDExtend.h */,
				C9BF799C1E6EA0F0006DF566 /* UIButton+SDExtend.m */,
			);
			path = UIButton;
			sourceTree = "<group>";
		};
		C9696B631E5ED01C001A141D /* UIColor */ = {
			isa = PBXGroup;
			children = (
				C98D06DE1E6818B600F6F3B3 /* UIColor+SDExtend.h */,
				C98D06DF1E6818B600F6F3B3 /* UIColor+SDExtend.m */,
			);
			path = UIColor;
			sourceTree = "<group>";
		};
		C9696B641E5ED01C001A141D /* UIFont */ = {
			isa = PBXGroup;
			children = (
			);
			path = UIFont;
			sourceTree = "<group>";
		};
		C9696B651E5ED01C001A141D /* UIImage */ = {
			isa = PBXGroup;
			children = (
				C9696B711E5ED63E001A141D /* UIImage+FixOrientation.h */,
				C9696B721E5ED63E001A141D /* UIImage+FixOrientation.m */,
				C9696B741E5ED7BC001A141D /* UIImage+SDExtend.h */,
				C9696B751E5ED7BC001A141D /* UIImage+SDExtend.m */,
			);
			path = UIImage;
			sourceTree = "<group>";
		};
		C9696B661E5ED01C001A141D /* UITableViewCell */ = {
			isa = PBXGroup;
			children = (
			);
			path = UITableViewCell;
			sourceTree = "<group>";
		};
		C9696B671E5ED01C001A141D /* UITextView */ = {
			isa = PBXGroup;
			children = (
			);
			path = UITextView;
			sourceTree = "<group>";
		};
		C9696B681E5ED01C001A141D /* UIView */ = {
			isa = PBXGroup;
			children = (
				C9A7DD7D1E6037B4006BAF4C /* UIView+SDExtend.h */,
				C9A7DD7E1E6037B4006BAF4C /* UIView+SDExtend.m */,
			);
			path = UIView;
			sourceTree = "<group>";
		};
		C9696B691E5ED01C001A141D /* Classes */ = {
			isa = PBXGroup;
			children = (
				C984B5401F1DB5A80082F594 /* 练习 */,
				C9696B2F1E5EBC15001A141D /* Main.storyboard */,
				C9696B6A1E5ED01C001A141D /* AppDelegate.h */,
				C9696B6B1E5ED01C001A141D /* AppDelegate.m */,
				C9913FD01F25FB3D0031E968 /* 评论 */,
				C970CB1D1EA754B100309A9D /* 精华 */,
				C984B54C1F1F23C70082F594 /* 新帖 */,
				C970CB201EA754B100309A9D /* 推荐标签 */,
				C970CB271EA754B100309A9D /* 推荐关注 */,
				C98290DA1ECD904800CFF616 /* 我 */,
				C966B2FC1ED2D47200F08C05 /* 发布新帖 */,
			);
			path = Classes;
			sourceTree = "<group>";
		};
		C9696B6E1E5ED01C001A141D /* Tools */ = {
			isa = PBXGroup;
			children = (
				C9347B871E9E121A00F9BC9E /* ServerInterface */,
				C982E2191EE149B400C31A7A /* SDNavigationController.h */,
				C982E21A1EE149B400C31A7A /* SDNavigationController.m */,
				C97C47241EE6682D00935A7E /* SDTabBarController.h */,
				C97C47251EE6682D00935A7E /* SDTabBarController.m */,
				C97C47271EE6810300935A7E /* SDTabBar.h */,
				C97C47281EE6810300935A7E /* SDTabBar.m */,
				C966B3011ED2E1CC00F08C05 /* SDTextView.h */,
				C966B3021ED2E1CC00F08C05 /* SDTextView.m */,
				C9C7EB8D1F18A87C001F61AA /* SDRefreshHeader.h */,
				C9C7EB8E1F18A87C001F61AA /* SDRefreshHeader.m */,
				C9C7EB901F18A89E001F61AA /* SDRefreshFooter.h */,
				C9C7EB911F18A89E001F61AA /* SDRefreshFooter.m */,
				C9C7EB931F18AC0D001F61AA /* SDRefreshGifHeader.h */,
				C9C7EB941F18AC0D001F61AA /* SDRefreshGifHeader.m */,
				C9C7EB961F18C8C7001F61AA /* SDRefreshAutoGifFooter.h */,
				C9C7EB971F18C8C7001F61AA /* SDRefreshAutoGifFooter.m */,
				C966B3121ED9743D00F08C05 /* SDClearCache.h */,
				C966B3131ED9743D00F08C05 /* SDClearCache.m */,
				C98D06E21E68207B00F6F3B3 /* SDCommonConst.h */,
				C98D06E31E68207B00F6F3B3 /* SDCommonConst.m */,
				C919B1371EEEA1E900D5E3ED /* SDExtensionConfig.h */,
				C919B1381EEEA1E900D5E3ED /* SDExtensionConfig.m */,
				C98D06E11E68203300F6F3B3 /* SDMacro.h */,
				C9696B771E5EDA1A001A141D /* PrefixHeader.pch */,
			);
			path = Tools;
			sourceTree = "<group>";
		};
		C970CB1D1EA754B100309A9D /* 精华 */ = {
			isa = PBXGroup;
			children = (
				C970CB1E1EA754B100309A9D /* SDEssenceViewController.h */,
				C970CB1F1EA754B100309A9D /* SDEssenceViewController.m */,
				C970CB581EA9E7AC00309A9D /* SDBaseViewController.h */,
				C970CB591EA9E7AC00309A9D /* SDBaseViewController.m */,
				C9B196ED1EB0894300E366EC /* SDShowPictureViewController.h */,
				C9B196EE1EB0894300E366EC /* SDShowPictureViewController.m */,
				C9B196EF1EB0894300E366EC /* SDShowPictureViewController.xib */,
				C970CB4D1EA8603700309A9D /* SDTopic.h */,
				C970CB4E1EA8603700309A9D /* SDTopic.m */,
				C98C20A71EB88C8D002FABEF /* SDComment.h */,
				C98C20A81EB88C8D002FABEF /* SDComment.m */,
				C98C20AA1EB88C9B002FABEF /* SDUser.h */,
				C98C20AB1EB88C9B002FABEF /* SDUser.m */,
				C970CB501EA8993900309A9D /* SDTopicCell.h */,
				C970CB511EA8993900309A9D /* SDTopicCell.m */,
				C970CB521EA8993900309A9D /* SDTopicCell.xib */,
				C98C20A21EB882AA002FABEF /* SDCenterPictureView.h */,
				C98C20A31EB882AA002FABEF /* SDCenterPictureView.m */,
				C98C20A51EB882B7002FABEF /* SDCenterPictureView.xib */,
				C9C7EB831F1726BE001F61AA /* SDTopicVideoView.h */,
				C9C7EB841F1726BE001F61AA /* SDTopicVideoView.m */,
				C9C7EB861F172731001F61AA /* SDTopicVideoView.xib */,
				C9C7EB881F172819001F61AA /* SDTopicVoiceView.h */,
				C9C7EB891F172819001F61AA /* SDTopicVoiceView.m */,
				C9C7EB8B1F172831001F61AA /* SDTopicVoiceView.xib */,
				C984B5501F21A0660082F594 /* SDProgressView.h */,
				C984B5511F21A0660082F594 /* SDProgressView.m */,
			);
			name = "精华";
			path = "首页";
			sourceTree = "<group>";
		};
		C970CB201EA754B100309A9D /* 推荐标签 */ = {
			isa = PBXGroup;
			children = (
				C970CB251EA754B100309A9D /* TableViewController.h */,
				C970CB261EA754B100309A9D /* TableViewController.m */,
				C970CB211EA754B100309A9D /* SDNewListCell.h */,
				C970CB221EA754B100309A9D /* SDNewListCell.m */,
				C970CB231EA754B100309A9D /* SDNewListModel.h */,
				C970CB241EA754B100309A9D /* SDNewListModel.m */,
			);
			path = "推荐标签";
			sourceTree = "<group>";
		};
		C970CB271EA754B100309A9D /* 推荐关注 */ = {
			isa = PBXGroup;
			children = (
				C919B13A1EEFDF7600D5E3ED /* SDLoginViewController.h */,
				C919B13B1EEFDF7600D5E3ED /* SDLoginViewController.m */,
				C919B13D1EF0DF7500D5E3ED /* SDLoginRegisterTextField.h */,
				C919B13E1EF0DF7500D5E3ED /* SDLoginRegisterTextField.m */,
				C9FFCC261EE6AFCD00BBA737 /* SDFriendTrendsViewController.h */,
				C9FFCC271EE6AFCD00BBA737 /* SDFriendTrendsViewController.m */,
				C970CB301EA754B100309A9D /* ViewController.h */,
				C970CB311EA754B100309A9D /* ViewController.m */,
				C970CB281EA754B100309A9D /* SDRecommendLeftCell.h */,
				C970CB291EA754B100309A9D /* SDRecommendLeftCell.m */,
				C970CB2A1EA754B100309A9D /* SDRecommendLeftModel.h */,
				C970CB2B1EA754B100309A9D /* SDRecommendLeftModel.m */,
				C970CB2C1EA754B100309A9D /* SDRecommendRightCell.h */,
				C970CB2D1EA754B100309A9D /* SDRecommendRightCell.m */,
				C970CB2E1EA754B100309A9D /* SDRecommendRightModel.h */,
				C970CB2F1EA754B100309A9D /* SDRecommendRightModel.m */,
			);
			path = "推荐关注";
			sourceTree = "<group>";
		};
		C9725C171E6CFA3600BFD21E /* UIlabel */ = {
			isa = PBXGroup;
			children = (
				C9725C181E6CFA6A00BFD21E /* UILabel+SDExtend.h */,
				C9725C191E6CFA6A00BFD21E /* UILabel+SDExtend.m */,
			);
			path = UIlabel;
			sourceTree = "<group>";
		};
		C98290D61ECC4C6100CFF616 /* UIImageView */ = {
			isa = PBXGroup;
			children = (
				C98290D71ECC4C6100CFF616 /* UIImageView+SDExtension.h */,
				C98290D81ECC4C6100CFF616 /* UIImageView+SDExtension.m */,
			);
			path = UIImageView;
			sourceTree = "<group>";
		};
		C98290DA1ECD904800CFF616 /* 我 */ = {
			isa = PBXGroup;
			children = (
				C98290DB1ECD906C00CFF616 /* SDMeViewController.h */,
				C98290DC1ECD906C00CFF616 /* SDMeViewController.m */,
				C98290E11ECDA5E700CFF616 /* SDSquare.h */,
				C98290E21ECDA5E700CFF616 /* SDSquare.m */,
				C98290DE1ECDA45400CFF616 /* SDMeFooterView.h */,
				C98290DF1ECDA45400CFF616 /* SDMeFooterView.m */,
				C9F71AC51F0F22D30099E388 /* SDWebViewController.h */,
				C9F71AC61F0F22D30099E388 /* SDWebViewController.m */,
				C9F71AC71F0F22D30099E388 /* SDWebViewController.xib */,
				C98290E41ECE9D1300CFF616 /* SDSqaureButton.h */,
				C98290E51ECE9D1300CFF616 /* SDSqaureButton.m */,
				C966B30F1ED9219B00F08C05 /* SDSettingViewController.h */,
				C966B3101ED9219B00F08C05 /* SDSettingViewController.m */,
				C9F71ACA1F0F7DE70099E388 /* SDClearCacheCell.h */,
				C9F71ACB1F0F7DE70099E388 /* SDClearCacheCell.m */,
				C9913FC61F25E17D0031E968 /* SDUserListViewController.h */,
				C9913FC71F25E17D0031E968 /* SDUserListViewController.m */,
			);
			path = "我";
			sourceTree = "<group>";
		};
		C984B5401F1DB5A80082F594 /* 练习 */ = {
			isa = PBXGroup;
			children = (
				C984B5411F1DB5A80082F594 /* SDCollectionViewTest.h */,
				C984B5421F1DB5A80082F594 /* SDCollectionViewTest.m */,
				C984B5431F1DB5A80082F594 /* SDFlowLayout.h */,
				C984B5441F1DB5A80082F594 /* SDFlowLayout.m */,
				C984B5451F1DB5A80082F594 /* TestView.h */,
				C984B5461F1DB5A80082F594 /* TestView.m */,
				C984B5471F1DB5A80082F594 /* TestView.xib */,
			);
			path = "练习";
			sourceTree = "<group>";
		};
		C984B54C1F1F23C70082F594 /* 新帖 */ = {
			isa = PBXGroup;
			children = (
				C984B54D1F1F23FF0082F594 /* SDNewViewController.h */,
				C984B54E1F1F23FF0082F594 /* SDNewViewController.m */,
			);
			path = "新帖";
			sourceTree = "<group>";
		};
		C9913FCC1F25ECE20031E968 /* UIViewController */ = {
			isa = PBXGroup;
			children = (
				C9913FCD1F25ED210031E968 /* UIViewController+SDCurrentNav.h */,
				C9913FCE1F25ED210031E968 /* UIViewController+SDCurrentNav.m */,
			);
			path = UIViewController;
			sourceTree = "<group>";
		};
		C9913FD01F25FB3D0031E968 /* 评论 */ = {
			isa = PBXGroup;
			children = (
				C9913FD61F25FB8B0031E968 /* SDCommentViewController.h */,
				C9913FD71F25FB8B0031E968 /* SDCommentViewController.m */,
				C9913FD11F25FB8B0031E968 /* SDCommentCell.h */,
				C9913FD21F25FB8B0031E968 /* SDCommentCell.m */,
				C9913FD31F25FB8B0031E968 /* SDCommentCell.xib */,
				C9913FD41F25FB8B0031E968 /* SDCommentSectionHeader.h */,
				C9913FD51F25FB8B0031E968 /* SDCommentSectionHeader.m */,
			);
			path = "评论";
			sourceTree = "<group>";
		};
/* End PBXGroup section */

/* Begin PBXNativeTarget section */
		C9696B221E5EBC15001A141D /* Category */ = {
			isa = PBXNativeTarget;
			buildConfigurationList = C9696B501E5EBC15001A141D /* Build configuration list for PBXNativeTarget "Category" */;
			buildPhases = (
				A6120601E92E7B9114F3C1EB /* [CP] Check Pods Manifest.lock */,
				C9696B1F1E5EBC15001A141D /* Sources */,
				C9696B201E5EBC15001A141D /* Frameworks */,
				C9696B211E5EBC15001A141D /* Resources */,
				402AFA3340B26662B54F36A3 /* [CP] Embed Pods Frameworks */,
				4400085B163AC95CE86D4B5A /* [CP] Copy Pods Resources */,
			);
			buildRules = (
			);
			dependencies = (
			);
			name = Category;
			productName = Category;
			productReference = C9696B231E5EBC15001A141D /* Category.app */;
			productType = "com.apple.product-type.application";
		};
		C9696B3B1E5EBC15001A141D /* CategoryTests */ = {
			isa = PBXNativeTarget;
			buildConfigurationList = C9696B531E5EBC15001A141D /* Build configuration list for PBXNativeTarget "CategoryTests" */;
			buildPhases = (
				C9696B381E5EBC15001A141D /* Sources */,
				C9696B391E5EBC15001A141D /* Frameworks */,
				C9696B3A1E5EBC15001A141D /* Resources */,
			);
			buildRules = (
			);
			dependencies = (
				C9696B3E1E5EBC15001A141D /* PBXTargetDependency */,
			);
			name = CategoryTests;
			productName = CategoryTests;
			productReference = C9696B3C1E5EBC15001A141D /* CategoryTests.xctest */;
			productType = "com.apple.product-type.bundle.unit-test";
		};
		C9696B461E5EBC15001A141D /* CategoryUITests */ = {
			isa = PBXNativeTarget;
			buildConfigurationList = C9696B561E5EBC15001A141D /* Build configuration list for PBXNativeTarget "CategoryUITests" */;
			buildPhases = (
				C9696B431E5EBC15001A141D /* Sources */,
				C9696B441E5EBC15001A141D /* Frameworks */,
				C9696B451E5EBC15001A141D /* Resources */,
			);
			buildRules = (
			);
			dependencies = (
				C9696B491E5EBC15001A141D /* PBXTargetDependency */,
			);
			name = CategoryUITests;
			productName = CategoryUITests;
			productReference = C9696B471E5EBC15001A141D /* CategoryUITests.xctest */;
			productType = "com.apple.product-type.bundle.ui-testing";
		};
/* End PBXNativeTarget section */

/* Begin PBXProject section */
		C9696B1B1E5EBC15001A141D /* Project object */ = {
			isa = PBXProject;
			attributes = {
				CLASSPREFIX = SD;
				LastUpgradeCheck = 0820;
				ORGANIZATIONNAME = sandouchan;
				TargetAttributes = {
					C9696B221E5EBC15001A141D = {
						CreatedOnToolsVersion = 8.2.1;
						DevelopmentTeam = 27A9PVFTM4;
						ProvisioningStyle = Automatic;
					};
					C9696B3B1E5EBC15001A141D = {
						CreatedOnToolsVersion = 8.2.1;
						DevelopmentTeam = 27A9PVFTM4;
						ProvisioningStyle = Automatic;
						TestTargetID = C9696B221E5EBC15001A141D;
					};
					C9696B461E5EBC15001A141D = {
						CreatedOnToolsVersion = 8.2.1;
						DevelopmentTeam = 27A9PVFTM4;
						ProvisioningStyle = Automatic;
						TestTargetID = C9696B221E5EBC15001A141D;
					};
				};
			};
			buildConfigurationList = C9696B1E1E5EBC15001A141D /* Build configuration list for PBXProject "Category" */;
			compatibilityVersion = "Xcode 3.2";
			developmentRegion = English;
			hasScannedForEncodings = 0;
			knownRegions = (
				en,
				Base,
			);
			mainGroup = C9696B1A1E5EBC15001A141D;
			productRefGroup = C9696B241E5EBC15001A141D /* Products */;
			projectDirPath = "";
			projectRoot = "";
			targets = (
				C9696B221E5EBC15001A141D /* Category */,
				C9696B3B1E5EBC15001A141D /* CategoryTests */,
				C9696B461E5EBC15001A141D /* CategoryUITests */,
			);
		};
/* End PBXProject section */

/* Begin PBXResourcesBuildPhase section */
		C9696B211E5EBC15001A141D /* Resources */ = {
			isa = PBXResourcesBuildPhase;
			buildActionMask = 2147483647;
			files = (
				C984B54B1F1DB5A80082F594 /* TestView.xib in Resources */,
				C970CB541EA8993900309A9D /* SDTopicCell.xib in Resources */,
				C9C7EB871F172731001F61AA /* SDTopicVideoView.xib in Resources */,
				C9913FD91F25FB8B0031E968 /* SDCommentCell.xib in Resources */,
				C966B3081ED5428600F08C05 /* SDAddTagToolbar.xib in Resources */,
				C9696B331E5EBC15001A141D /* Assets.xcassets in Resources */,
				C98C20A61EB882B7002FABEF /* SDCenterPictureView.xib in Resources */,
				C9F71AC91F0F22D30099E388 /* SDWebViewController.xib in Resources */,
				C9696B311E5EBC15001A141D /* Main.storyboard in Resources */,
				C9B196F11EB0894300E366EC /* SDShowPictureViewController.xib in Resources */,
				C9C7EB8C1F172831001F61AA /* SDTopicVoiceView.xib in Resources */,
			);
			runOnlyForDeploymentPostprocessing = 0;
		};
		C9696B3A1E5EBC15001A141D /* Resources */ = {
			isa = PBXResourcesBuildPhase;
			buildActionMask = 2147483647;
			files = (
			);
			runOnlyForDeploymentPostprocessing = 0;
		};
		C9696B451E5EBC15001A141D /* Resources */ = {
			isa = PBXResourcesBuildPhase;
			buildActionMask = 2147483647;
			files = (
			);
			runOnlyForDeploymentPostprocessing = 0;
		};
/* End PBXResourcesBuildPhase section */

/* Begin PBXShellScriptBuildPhase section */
		402AFA3340B26662B54F36A3 /* [CP] Embed Pods Frameworks */ = {
			isa = PBXShellScriptBuildPhase;
			buildActionMask = 2147483647;
			files = (
			);
			inputPaths = (
			);
			name = "[CP] Embed Pods Frameworks";
			outputPaths = (
			);
			runOnlyForDeploymentPostprocessing = 0;
			shellPath = /bin/sh;
			shellScript = "\"${SRCROOT}/Pods/Target Support Files/Pods-Category/Pods-Category-frameworks.sh\"\n";
			showEnvVarsInLog = 0;
		};
		4400085B163AC95CE86D4B5A /* [CP] Copy Pods Resources */ = {
			isa = PBXShellScriptBuildPhase;
			buildActionMask = 2147483647;
			files = (
			);
			inputPaths = (
			);
			name = "[CP] Copy Pods Resources";
			outputPaths = (
			);
			runOnlyForDeploymentPostprocessing = 0;
			shellPath = /bin/sh;
			shellScript = "\"${SRCROOT}/Pods/Target Support Files/Pods-Category/Pods-Category-resources.sh\"\n";
			showEnvVarsInLog = 0;
		};
		A6120601E92E7B9114F3C1EB /* [CP] Check Pods Manifest.lock */ = {
			isa = PBXShellScriptBuildPhase;
			buildActionMask = 2147483647;
			files = (
			);
			inputPaths = (
			);
			name = "[CP] Check Pods Manifest.lock";
			outputPaths = (
			);
			runOnlyForDeploymentPostprocessing = 0;
			shellPath = /bin/sh;
			shellScript = "diff \"${PODS_PODFILE_DIR_PATH}/Podfile.lock\" \"${PODS_ROOT}/Manifest.lock\" > /dev/null\nif [ $? != 0 ] ; then\n    # print error to STDERR\n    echo \"error: The sandbox is not in sync with the Podfile.lock. Run 'pod install' or update your CocoaPods installation.\" >&2\n    exit 1\nfi\n";
			showEnvVarsInLog = 0;
		};
/* End PBXShellScriptBuildPhase section */

/* Begin PBXSourcesBuildPhase section */
		C9696B1F1E5EBC15001A141D /* Sources */ = {
			isa = PBXSourcesBuildPhase;
			buildActionMask = 2147483647;
			files = (
				C9347B8D1E9E132E00F9BC9E /* SDNetworkCache.m in Sources */,
				C98290E31ECDA5E700CFF616 /* SDSquare.m in Sources */,
				C98C20AC1EB88C9B002FABEF /* SDUser.m in Sources */,
				C98D06E41E68207B00F6F3B3 /* SDCommonConst.m in Sources */,
				C966B2FF1ED2D53E00F08C05 /* SDPostWordViewController.m in Sources */,
				C98290D91ECC4C6100CFF616 /* UIImageView+SDExtension.m in Sources */,
				C970CB351EA754B100309A9D /* TableViewController.m in Sources */,
				C9696B761E5ED7BC001A141D /* UIImage+SDExtend.m in Sources */,
				C966B3031ED2E1CC00F08C05 /* SDTextView.m in Sources */,
				C98290DD1ECD906C00CFF616 /* SDMeViewController.m in Sources */,
				C9C7EB8A1F172819001F61AA /* SDTopicVoiceView.m in Sources */,
				C970CB361EA754B100309A9D /* SDRecommendLeftCell.m in Sources */,
				C9551FE91F0266F8007085AD /* NSString+SDExtend.m in Sources */,
				C9913FD81F25FB8B0031E968 /* SDCommentCell.m in Sources */,
				C98290E61ECE9D1300CFF616 /* SDSqaureButton.m in Sources */,
				C9696B6F1E5ED01C001A141D /* AppDelegate.m in Sources */,
				C9913FCF1F25ED210031E968 /* UIViewController+SDCurrentNav.m in Sources */,
				C9347B901E9E135200F9BC9E /* SDHTTPRequest.m in Sources */,
				C9725C1A1E6CFA6A00BFD21E /* UILabel+SDExtend.m in Sources */,
				C970CB5A1EA9E7AC00309A9D /* SDBaseViewController.m in Sources */,
				C9C7EB921F18A89E001F61AA /* SDRefreshFooter.m in Sources */,
				C970CB341EA754B100309A9D /* SDNewListModel.m in Sources */,
				C98C20A41EB882AA002FABEF /* SDCenterPictureView.m in Sources */,
				C984B5481F1DB5A80082F594 /* SDCollectionViewTest.m in Sources */,
				C970CB391EA754B100309A9D /* SDRecommendRightModel.m in Sources */,
				C9FFCC2E1EEA493F00BBA737 /* SDPublishView.m in Sources */,
				C9725C201E6D4F6800BFD21E /* CALayer+SDExtend.m in Sources */,
				C966B3061ED5427700F08C05 /* SDAddTagToolbar.m in Sources */,
				C9913FDB1F25FB8B0031E968 /* SDCommentViewController.m in Sources */,
				C9C7EB8F1F18A87C001F61AA /* SDRefreshHeader.m in Sources */,
				C9347B8A1E9E131000F9BC9E /* SDNetworkHelper.m in Sources */,
				C966B30E1ED6E76C00F08C05 /* SDTagTextField.m in Sources */,
				C9C7EB981F18C8C7001F61AA /* SDRefreshAutoGifFooter.m in Sources */,
				C98D06E01E6818B600F6F3B3 /* UIColor+SDExtend.m in Sources */,
				C9C7EB851F1726BE001F61AA /* SDTopicVideoView.m in Sources */,
				C98C20A91EB88C8D002FABEF /* SDComment.m in Sources */,
				C9A7DD7F1E6037B4006BAF4C /* UIView+SDExtend.m in Sources */,
				C984B5491F1DB5A80082F594 /* SDFlowLayout.m in Sources */,
				C966B3141ED9743D00F08C05 /* SDClearCache.m in Sources */,
				C966B3111ED9219B00F08C05 /* SDSettingViewController.m in Sources */,
				C982E21B1EE149B400C31A7A /* SDNavigationController.m in Sources */,
				C919B13C1EEFDF7600D5E3ED /* SDLoginViewController.m in Sources */,
				C9913FDA1F25FB8B0031E968 /* SDCommentSectionHeader.m in Sources */,
				C984B54A1F1DB5A80082F594 /* TestView.m in Sources */,
				C970CB571EA9AE3B00309A9D /* NSDate+SDExtension.m in Sources */,
				C970CB321EA754B100309A9D /* SDEssenceViewController.m in Sources */,
				C9F71ACC1F0F7DE70099E388 /* SDClearCacheCell.m in Sources */,
				C919B13F1EF0DF7500D5E3ED /* SDLoginRegisterTextField.m in Sources */,
				C9725C231E6D6F4700BFD21E /* UIBarButtonItem+SDExtend.m in Sources */,
				C9F71AC81F0F22D30099E388 /* SDWebViewController.m in Sources */,
				C97C47291EE6810300935A7E /* SDTabBar.m in Sources */,
				C97C472C1EE683F200935A7E /* SDPublishViewController.m in Sources */,
				C970CB4F1EA8603700309A9D /* SDTopic.m in Sources */,
				C970CB331EA754B100309A9D /* SDNewListCell.m in Sources */,
				C9696B731E5ED63E001A141D /* UIImage+FixOrientation.m in Sources */,
				C98290E01ECDA45400CFF616 /* SDMeFooterView.m in Sources */,
				C9C7EB951F18AC0D001F61AA /* SDRefreshGifHeader.m in Sources */,
				C9FFCC281EE6AFCD00BBA737 /* SDFriendTrendsViewController.m in Sources */,
				C9347B931E9F632B00F9BC9E /* NSObject+SDProperty.m in Sources */,
				C9BF799D1E6EA0F0006DF566 /* UIButton+SDExtend.m in Sources */,
				C970CB371EA754B100309A9D /* SDRecommendLeftModel.m in Sources */,
				C970CB381EA754B100309A9D /* SDRecommendRightCell.m in Sources */,
				C984B5521F21A0660082F594 /* SDProgressView.m in Sources */,
				C9696B281E5EBC15001A141D /* main.m in Sources */,
				C9913FC81F25E17D0031E968 /* SDUserListViewController.m in Sources */,
				C984B54F1F1F23FF0082F594 /* SDNewViewController.m in Sources */,
				C970CB3A1EA754B100309A9D /* ViewController.m in Sources */,
				C97C47261EE6682D00935A7E /* SDTabBarController.m in Sources */,
				C970CB531EA8993900309A9D /* SDTopicCell.m in Sources */,
				C919B1391EEEA1E900D5E3ED /* SDExtensionConfig.m in Sources */,
				C966B30B1ED564FF00F08C05 /* SDAddTagViewController.m in Sources */,
				C9B196F01EB0894300E366EC /* SDShowPictureViewController.m in Sources */,
				C9F540141F0DF2C5006959BA /* WRNavigationBar.m in Sources */,
			);
			runOnlyForDeploymentPostprocessing = 0;
		};
		C9696B381E5EBC15001A141D /* Sources */ = {
			isa = PBXSourcesBuildPhase;
			buildActionMask = 2147483647;
			files = (
				C9696B411E5EBC15001A141D /* CategoryTests.m in Sources */,
			);
			runOnlyForDeploymentPostprocessing = 0;
		};
		C9696B431E5EBC15001A141D /* Sources */ = {
			isa = PBXSourcesBuildPhase;
			buildActionMask = 2147483647;
			files = (
				C9696B4C1E5EBC15001A141D /* CategoryUITests.m in Sources */,
			);
			runOnlyForDeploymentPostprocessing = 0;
		};
/* End PBXSourcesBuildPhase section */

/* Begin PBXTargetDependency section */
		C9696B3E1E5EBC15001A141D /* PBXTargetDependency */ = {
			isa = PBXTargetDependency;
			target = C9696B221E5EBC15001A141D /* Category */;
			targetProxy = C9696B3D1E5EBC15001A141D /* PBXContainerItemProxy */;
		};
		C9696B491E5EBC15001A141D /* PBXTargetDependency */ = {
			isa = PBXTargetDependency;
			target = C9696B221E5EBC15001A141D /* Category */;
			targetProxy = C9696B481E5EBC15001A141D /* PBXContainerItemProxy */;
		};
/* End PBXTargetDependency section */

/* Begin PBXVariantGroup section */
		C9696B2F1E5EBC15001A141D /* Main.storyboard */ = {
			isa = PBXVariantGroup;
			children = (
				C9696B301E5EBC15001A141D /* Base */,
			);
			name = Main.storyboard;
			path = ..;
			sourceTree = "<group>";
		};
/* End PBXVariantGroup section */

/* Begin XCBuildConfiguration section */
		C9696B4E1E5EBC15001A141D /* Debug */ = {
			isa = XCBuildConfiguration;
			buildSettings = {
				ALWAYS_SEARCH_USER_PATHS = NO;
				CLANG_ANALYZER_NONNULL = YES;
				CLANG_CXX_LANGUAGE_STANDARD = "gnu++0x";
				CLANG_CXX_LIBRARY = "libc++";
				CLANG_ENABLE_MODULES = YES;
				CLANG_ENABLE_OBJC_ARC = YES;
				CLANG_WARN_BOOL_CONVERSION = YES;
				CLANG_WARN_CONSTANT_CONVERSION = YES;
				CLANG_WARN_DIRECT_OBJC_ISA_USAGE = YES_ERROR;
				CLANG_WARN_DOCUMENTATION_COMMENTS = YES;
				CLANG_WARN_EMPTY_BODY = YES;
				CLANG_WARN_ENUM_CONVERSION = YES;
				CLANG_WARN_INFINITE_RECURSION = YES;
				CLANG_WARN_INT_CONVERSION = YES;
				CLANG_WARN_OBJC_ROOT_CLASS = YES_ERROR;
				CLANG_WARN_SUSPICIOUS_MOVE = YES;
				CLANG_WARN_UNREACHABLE_CODE = YES;
				CLANG_WARN__DUPLICATE_METHOD_MATCH = YES;
				"CODE_SIGN_IDENTITY[sdk=iphoneos*]" = "iPhone Developer";
				COPY_PHASE_STRIP = NO;
				DEBUG_INFORMATION_FORMAT = dwarf;
				ENABLE_STRICT_OBJC_MSGSEND = YES;
				ENABLE_TESTABILITY = YES;
				GCC_C_LANGUAGE_STANDARD = gnu99;
				GCC_DYNAMIC_NO_PIC = NO;
				GCC_NO_COMMON_BLOCKS = YES;
				GCC_OPTIMIZATION_LEVEL = 0;
				GCC_PREPROCESSOR_DEFINITIONS = (
					"DEBUG=1",
					"$(inherited)",
				);
				GCC_WARN_64_TO_32_BIT_CONVERSION = YES;
				GCC_WARN_ABOUT_RETURN_TYPE = YES_ERROR;
				GCC_WARN_UNDECLARED_SELECTOR = YES;
				GCC_WARN_UNINITIALIZED_AUTOS = YES_AGGRESSIVE;
				GCC_WARN_UNUSED_FUNCTION = YES;
				GCC_WARN_UNUSED_VARIABLE = YES;
				IPHONEOS_DEPLOYMENT_TARGET = 8.0;
				MTL_ENABLE_DEBUG_INFO = YES;
				ONLY_ACTIVE_ARCH = YES;
				SDKROOT = iphoneos;
			};
			name = Debug;
		};
		C9696B4F1E5EBC15001A141D /* Release */ = {
			isa = XCBuildConfiguration;
			buildSettings = {
				ALWAYS_SEARCH_USER_PATHS = NO;
				CLANG_ANALYZER_NONNULL = YES;
				CLANG_CXX_LANGUAGE_STANDARD = "gnu++0x";
				CLANG_CXX_LIBRARY = "libc++";
				CLANG_ENABLE_MODULES = YES;
				CLANG_ENABLE_OBJC_ARC = YES;
				CLANG_WARN_BOOL_CONVERSION = YES;
				CLANG_WARN_CONSTANT_CONVERSION = YES;
				CLANG_WARN_DIRECT_OBJC_ISA_USAGE = YES_ERROR;
				CLANG_WARN_DOCUMENTATION_COMMENTS = YES;
				CLANG_WARN_EMPTY_BODY = YES;
				CLANG_WARN_ENUM_CONVERSION = YES;
				CLANG_WARN_INFINITE_RECURSION = YES;
				CLANG_WARN_INT_CONVERSION = YES;
				CLANG_WARN_OBJC_ROOT_CLASS = YES_ERROR;
				CLANG_WARN_SUSPICIOUS_MOVE = YES;
				CLANG_WARN_UNREACHABLE_CODE = YES;
				CLANG_WARN__DUPLICATE_METHOD_MATCH = YES;
				"CODE_SIGN_IDENTITY[sdk=iphoneos*]" = "iPhone Developer";
				COPY_PHASE_STRIP = NO;
				DEBUG_INFORMATION_FORMAT = "dwarf-with-dsym";
				ENABLE_NS_ASSERTIONS = NO;
				ENABLE_STRICT_OBJC_MSGSEND = YES;
				GCC_C_LANGUAGE_STANDARD = gnu99;
				GCC_NO_COMMON_BLOCKS = YES;
				GCC_WARN_64_TO_32_BIT_CONVERSION = YES;
				GCC_WARN_ABOUT_RETURN_TYPE = YES_ERROR;
				GCC_WARN_UNDECLARED_SELECTOR = YES;
				GCC_WARN_UNINITIALIZED_AUTOS = YES_AGGRESSIVE;
				GCC_WARN_UNUSED_FUNCTION = YES;
				GCC_WARN_UNUSED_VARIABLE = YES;
				IPHONEOS_DEPLOYMENT_TARGET = 8.0;
				MTL_ENABLE_DEBUG_INFO = NO;
				SDKROOT = iphoneos;
				VALIDATE_PRODUCT = YES;
			};
			name = Release;
		};
		C9696B511E5EBC15001A141D /* Debug */ = {
			isa = XCBuildConfiguration;
			baseConfigurationReference = 8FAA838841B9FCDB92E9AD69 /* Pods-Category.debug.xcconfig */;
			buildSettings = {
				ASSETCATALOG_COMPILER_APPICON_NAME = AppIcon;
				ASSETCATALOG_COMPILER_LAUNCHIMAGE_NAME = LaunchImage;
				DEVELOPMENT_TEAM = 27A9PVFTM4;
				GCC_PRECOMPILE_PREFIX_HEADER = YES;
				GCC_PREFIX_HEADER = Category/Tools/PrefixHeader.pch;
				INFOPLIST_FILE = Category/Info.plist;
				IPHONEOS_DEPLOYMENT_TARGET = 8.0;
				LD_RUNPATH_SEARCH_PATHS = "$(inherited) @executable_path/Frameworks";
				PRODUCT_BUNDLE_IDENTIFIER = com.sandouchan.Category;
				PRODUCT_NAME = "$(TARGET_NAME)";
			};
			name = Debug;
		};
		C9696B521E5EBC15001A141D /* Release */ = {
			isa = XCBuildConfiguration;
			baseConfigurationReference = 41DA5859020CCB13D0D46C08 /* Pods-Category.release.xcconfig */;
			buildSettings = {
				ASSETCATALOG_COMPILER_APPICON_NAME = AppIcon;
				ASSETCATALOG_COMPILER_LAUNCHIMAGE_NAME = LaunchImage;
				DEVELOPMENT_TEAM = 27A9PVFTM4;
				GCC_PRECOMPILE_PREFIX_HEADER = YES;
				GCC_PREFIX_HEADER = Category/Tools/PrefixHeader.pch;
				INFOPLIST_FILE = Category/Info.plist;
				IPHONEOS_DEPLOYMENT_TARGET = 8.0;
				LD_RUNPATH_SEARCH_PATHS = "$(inherited) @executable_path/Frameworks";
				PRODUCT_BUNDLE_IDENTIFIER = com.sandouchan.Category;
				PRODUCT_NAME = "$(TARGET_NAME)";
			};
			name = Release;
		};
		C9696B541E5EBC15001A141D /* Debug */ = {
			isa = XCBuildConfiguration;
			buildSettings = {
				BUNDLE_LOADER = "$(TEST_HOST)";
				DEVELOPMENT_TEAM = 27A9PVFTM4;
				INFOPLIST_FILE = CategoryTests/Info.plist;
				IPHONEOS_DEPLOYMENT_TARGET = 8.0;
				LD_RUNPATH_SEARCH_PATHS = "$(inherited) @executable_path/Frameworks @loader_path/Frameworks";
				PRODUCT_BUNDLE_IDENTIFIER = com.sandouchan.CategoryTests;
				PRODUCT_NAME = "$(TARGET_NAME)";
				TEST_HOST = "$(BUILT_PRODUCTS_DIR)/Category.app/Category";
			};
			name = Debug;
		};
		C9696B551E5EBC15001A141D /* Release */ = {
			isa = XCBuildConfiguration;
			buildSettings = {
				BUNDLE_LOADER = "$(TEST_HOST)";
				DEVELOPMENT_TEAM = 27A9PVFTM4;
				INFOPLIST_FILE = CategoryTests/Info.plist;
				IPHONEOS_DEPLOYMENT_TARGET = 8.0;
				LD_RUNPATH_SEARCH_PATHS = "$(inherited) @executable_path/Frameworks @loader_path/Frameworks";
				PRODUCT_BUNDLE_IDENTIFIER = com.sandouchan.CategoryTests;
				PRODUCT_NAME = "$(TARGET_NAME)";
				TEST_HOST = "$(BUILT_PRODUCTS_DIR)/Category.app/Category";
			};
			name = Release;
		};
		C9696B571E5EBC15001A141D /* Debug */ = {
			isa = XCBuildConfiguration;
			buildSettings = {
				DEVELOPMENT_TEAM = 27A9PVFTM4;
				INFOPLIST_FILE = CategoryUITests/Info.plist;
				IPHONEOS_DEPLOYMENT_TARGET = 8.0;
				LD_RUNPATH_SEARCH_PATHS = "$(inherited) @executable_path/Frameworks @loader_path/Frameworks";
				PRODUCT_BUNDLE_IDENTIFIER = com.sandouchan.CategoryUITests;
				PRODUCT_NAME = "$(TARGET_NAME)";
				TEST_TARGET_NAME = Category;
			};
			name = Debug;
		};
		C9696B581E5EBC15001A141D /* Release */ = {
			isa = XCBuildConfiguration;
			buildSettings = {
				DEVELOPMENT_TEAM = 27A9PVFTM4;
				INFOPLIST_FILE = CategoryUITests/Info.plist;
				IPHONEOS_DEPLOYMENT_TARGET = 8.0;
				LD_RUNPATH_SEARCH_PATHS = "$(inherited) @executable_path/Frameworks @loader_path/Frameworks";
				PRODUCT_BUNDLE_IDENTIFIER = com.sandouchan.CategoryUITests;
				PRODUCT_NAME = "$(TARGET_NAME)";
				TEST_TARGET_NAME = Category;
			};
			name = Release;
		};
/* End XCBuildConfiguration section */

/* Begin XCConfigurationList section */
		C9696B1E1E5EBC15001A141D /* Build configuration list for PBXProject "Category" */ = {
			isa = XCConfigurationList;
			buildConfigurations = (
				C9696B4E1E5EBC15001A141D /* Debug */,
				C9696B4F1E5EBC15001A141D /* Release */,
			);
			defaultConfigurationIsVisible = 0;
			defaultConfigurationName = Release;
		};
		C9696B501E5EBC15001A141D /* Build configuration list for PBXNativeTarget "Category" */ = {
			isa = XCConfigurationList;
			buildConfigurations = (
				C9696B511E5EBC15001A141D /* Debug */,
				C9696B521E5EBC15001A141D /* Release */,
			);
			defaultConfigurationIsVisible = 0;
			defaultConfigurationName = Release;
		};
		C9696B531E5EBC15001A141D /* Build configuration list for PBXNativeTarget "CategoryTests" */ = {
			isa = XCConfigurationList;
			buildConfigurations = (
				C9696B541E5EBC15001A141D /* Debug */,
				C9696B551E5EBC15001A141D /* Release */,
			);
			defaultConfigurationIsVisible = 0;
			defaultConfigurationName = Release;
		};
		C9696B561E5EBC15001A141D /* Build configuration list for PBXNativeTarget "CategoryUITests" */ = {
			isa = XCConfigurationList;
			buildConfigurations = (
				C9696B571E5EBC15001A141D /* Debug */,
				C9696B581E5EBC15001A141D /* Release */,
			);
			defaultConfigurationIsVisible = 0;
			defaultConfigurationName = Release;
		};
/* End XCConfigurationList section */
	};
	rootObject = C9696B1B1E5EBC15001A141D /* Project object */;
}
