// !$*UTF8*$!
{
	archiveVersion = 1;
	classes = {
	};
	objectVersion = 46;
	objects = {

/* Begin PBXBuildFile section */
		C9696B281E5EBC15001A141D /* main.m in Sources */ = {isa = PBXBuildFile; fileRef = C9696B271E5EBC15001A141D /* main.m */; };
		C9696B311E5EBC15001A141D /* Main.storyboard in Resources */ = {isa = PBXBuildFile; fileRef = C9696B2F1E5EBC15001A141D /* Main.storyboard */; };
		C9696B331E5EBC15001A141D /* Assets.xcassets in Resources */ = {isa = PBXBuildFile; fileRef = C9696B321E5EBC15001A141D /* Assets.xcassets */; };
		C9696B361E5EBC15001A141D /* LaunchScreen.storyboard in Resources */ = {isa = PBXBuildFile; fileRef = C9696B341E5EBC15001A141D /* LaunchScreen.storyboard */; };
		C9696B411E5EBC15001A141D /* CategoryTests.m in Sources */ = {isa = PBXBuildFile; fileRef = C9696B401E5EBC15001A141D /* CategoryTests.m */; };
		C9696B4C1E5EBC15001A141D /* CategoryUITests.m in Sources */ = {isa = PBXBuildFile; fileRef = C9696B4B1E5EBC15001A141D /* CategoryUITests.m */; };
		C9696B6F1E5ED01C001A141D /* AppDelegate.m in Sources */ = {isa = PBXBuildFile; fileRef = C9696B6B1E5ED01C001A141D /* AppDelegate.m */; };
		C9696B701E5ED01C001A141D /* ViewController.m in Sources */ = {isa = PBXBuildFile; fileRef = C9696B6D1E5ED01C001A141D /* ViewController.m */; };
		C9696B731E5ED63E001A141D /* UIImage+FixOrientation.m in Sources */ = {isa = PBXBuildFile; fileRef = C9696B721E5ED63E001A141D /* UIImage+FixOrientation.m */; };
		C9696B761E5ED7BC001A141D /* UIImage+SDExtend.m in Sources */ = {isa = PBXBuildFile; fileRef = C9696B751E5ED7BC001A141D /* UIImage+SDExtend.m */; };
		C9725C1A1E6CFA6A00BFD21E /* UILabel+SDExtend.m in Sources */ = {isa = PBXBuildFile; fileRef = C9725C191E6CFA6A00BFD21E /* UILabel+SDExtend.m */; };
		C9725C201E6D4F6800BFD21E /* CALayer+SDExtend.m in Sources */ = {isa = PBXBuildFile; fileRef = C9725C1F1E6D4F6800BFD21E /* CALayer+SDExtend.m */; };
		C9725C231E6D6F4700BFD21E /* UIBarButtonItem+SDExtend.m in Sources */ = {isa = PBXBuildFile; fileRef = C9725C221E6D6F4700BFD21E /* UIBarButtonItem+SDExtend.m */; };
		C98D06E01E6818B600F6F3B3 /* UIColor+SDExtend.m in Sources */ = {isa = PBXBuildFile; fileRef = C98D06DF1E6818B600F6F3B3 /* UIColor+SDExtend.m */; };
		C98D06E41E68207B00F6F3B3 /* SDCommonConst.m in Sources */ = {isa = PBXBuildFile; fileRef = C98D06E31E68207B00F6F3B3 /* SDCommonConst.m */; };
		C9A7DD7F1E6037B4006BAF4C /* UIView+SDExtend.m in Sources */ = {isa = PBXBuildFile; fileRef = C9A7DD7E1E6037B4006BAF4C /* UIView+SDExtend.m */; };
		C9A7DD821E603FEB006BAF4C /* TestView.m in Sources */ = {isa = PBXBuildFile; fileRef = C9A7DD811E603FEB006BAF4C /* TestView.m */; };
		C9A7DD841E603FF9006BAF4C /* TestView.xib in Resources */ = {isa = PBXBuildFile; fileRef = C9A7DD831E603FF9006BAF4C /* TestView.xib */; };
		C9BF799A1E6E85A5006DF566 /* TableViewController.m in Sources */ = {isa = PBXBuildFile; fileRef = C9BF79991E6E85A5006DF566 /* TableViewController.m */; };
		C9BF799D1E6EA0F0006DF566 /* UIButton+SDExtend.m in Sources */ = {isa = PBXBuildFile; fileRef = C9BF799C1E6EA0F0006DF566 /* UIButton+SDExtend.m */; };
/* End PBXBuildFile section */

/* Begin PBXContainerItemProxy section */
		C9696B3D1E5EBC15001A141D /* PBXContainerItemProxy */ = {
			isa = PBXContainerItemProxy;
			containerPortal = C9696B1B1E5EBC15001A141D /* Project object */;
			proxyType = 1;
			remoteGlobalIDString = C9696B221E5EBC15001A141D;
			remoteInfo = Category;
		};
		C9696B481E5EBC15001A141D /* PBXContainerItemProxy */ = {
			isa = PBXContainerItemProxy;
			containerPortal = C9696B1B1E5EBC15001A141D /* Project object */;
			proxyType = 1;
			remoteGlobalIDString = C9696B221E5EBC15001A141D;
			remoteInfo = Category;
		};
/* End PBXContainerItemProxy section */

/* Begin PBXFileReference section */
		C9696B231E5EBC15001A141D /* Category.app */ = {isa = PBXFileReference; explicitFileType = wrapper.application; includeInIndex = 0; path = Category.app; sourceTree = BUILT_PRODUCTS_DIR; };
		C9696B271E5EBC15001A141D /* main.m */ = {isa = PBXFileReference; lastKnownFileType = sourcecode.c.objc; path = main.m; sourceTree = "<group>"; };
		C9696B301E5EBC15001A141D /* Base */ = {isa = PBXFileReference; lastKnownFileType = file.storyboard; name = Base; path = Base.lproj/Main.storyboard; sourceTree = "<group>"; };
		C9696B321E5EBC15001A141D /* Assets.xcassets */ = {isa = PBXFileReference; lastKnownFileType = folder.assetcatalog; path = Assets.xcassets; sourceTree = "<group>"; };
		C9696B351E5EBC15001A141D /* Base */ = {isa = PBXFileReference; lastKnownFileType = file.storyboard; name = Base; path = Base.lproj/LaunchScreen.storyboard; sourceTree = "<group>"; };
		C9696B371E5EBC15001A141D /* Info.plist */ = {isa = PBXFileReference; lastKnownFileType = text.plist.xml; path = Info.plist; sourceTree = "<group>"; };
		C9696B3C1E5EBC15001A141D /* CategoryTests.xctest */ = {isa = PBXFileReference; explicitFileType = wrapper.cfbundle; includeInIndex = 0; path = CategoryTests.xctest; sourceTree = BUILT_PRODUCTS_DIR; };
		C9696B401E5EBC15001A141D /* CategoryTests.m */ = {isa = PBXFileReference; lastKnownFileType = sourcecode.c.objc; path = CategoryTests.m; sourceTree = "<group>"; };
		C9696B421E5EBC15001A141D /* Info.plist */ = {isa = PBXFileReference; lastKnownFileType = text.plist.xml; path = Info.plist; sourceTree = "<group>"; };
		C9696B471E5EBC15001A141D /* CategoryUITests.xctest */ = {isa = PBXFileReference; explicitFileType = wrapper.cfbundle; includeInIndex = 0; path = CategoryUITests.xctest; sourceTree = BUILT_PRODUCTS_DIR; };
		C9696B4B1E5EBC15001A141D /* CategoryUITests.m */ = {isa = PBXFileReference; lastKnownFileType = sourcecode.c.objc; path = CategoryUITests.m; sourceTree = "<group>"; };
		C9696B4D1E5EBC15001A141D /* Info.plist */ = {isa = PBXFileReference; lastKnownFileType = text.plist.xml; path = Info.plist; sourceTree = "<group>"; };
		C9696B6A1E5ED01C001A141D /* AppDelegate.h */ = {isa = PBXFileReference; fileEncoding = 4; lastKnownFileType = sourcecode.c.h; path = AppDelegate.h; sourceTree = "<group>"; };
		C9696B6B1E5ED01C001A141D /* AppDelegate.m */ = {isa = PBXFileReference; fileEncoding = 4; lastKnownFileType = sourcecode.c.objc; path = AppDelegate.m; sourceTree = "<group>"; };
		C9696B6C1E5ED01C001A141D /* ViewController.h */ = {isa = PBXFileReference; fileEncoding = 4; lastKnownFileType = sourcecode.c.h; path = ViewController.h; sourceTree = "<group>"; };
		C9696B6D1E5ED01C001A141D /* ViewController.m */ = {isa = PBXFileReference; fileEncoding = 4; lastKnownFileType = sourcecode.c.objc; path = ViewController.m; sourceTree = "<group>"; };
		C9696B711E5ED63E001A141D /* UIImage+FixOrientation.h */ = {isa = PBXFileReference; fileEncoding = 4; lastKnownFileType = sourcecode.c.h; path = "UIImage+FixOrientation.h"; sourceTree = "<group>"; };
		C9696B721E5ED63E001A141D /* UIImage+FixOrientation.m */ = {isa = PBXFileReference; fileEncoding = 4; lastKnownFileType = sourcecode.c.objc; path = "UIImage+FixOrientation.m"; sourceTree = "<group>"; };
		C9696B741E5ED7BC001A141D /* UIImage+SDExtend.h */ = {isa = PBXFileReference; fileEncoding = 4; lastKnownFileType = sourcecode.c.h; path = "UIImage+SDExtend.h"; sourceTree = "<group>"; };
		C9696B751E5ED7BC001A141D /* UIImage+SDExtend.m */ = {isa = PBXFileReference; fileEncoding = 4; lastKnownFileType = sourcecode.c.objc; path = "UIImage+SDExtend.m"; sourceTree = "<group>"; };
		C9696B771E5EDA1A001A141D /* PrefixHeader.pch */ = {isa = PBXFileReference; lastKnownFileType = sourcecode.c.h; path = PrefixHeader.pch; sourceTree = "<group>"; };
		C9725C181E6CFA6A00BFD21E /* UILabel+SDExtend.h */ = {isa = PBXFileReference; fileEncoding = 4; lastKnownFileType = sourcecode.c.h; path = "UILabel+SDExtend.h"; sourceTree = "<group>"; };
		C9725C191E6CFA6A00BFD21E /* UILabel+SDExtend.m */ = {isa = PBXFileReference; fileEncoding = 4; lastKnownFileType = sourcecode.c.objc; path = "UILabel+SDExtend.m"; sourceTree = "<group>"; };
		C9725C1E1E6D4F6800BFD21E /* CALayer+SDExtend.h */ = {isa = PBXFileReference; fileEncoding = 4; lastKnownFileType = sourcecode.c.h; path = "CALayer+SDExtend.h"; sourceTree = "<group>"; };
		C9725C1F1E6D4F6800BFD21E /* CALayer+SDExtend.m */ = {isa = PBXFileReference; fileEncoding = 4; lastKnownFileType = sourcecode.c.objc; path = "CALayer+SDExtend.m"; sourceTree = "<group>"; };
		C9725C211E6D6F4700BFD21E /* UIBarButtonItem+SDExtend.h */ = {isa = PBXFileReference; fileEncoding = 4; lastKnownFileType = sourcecode.c.h; path = "UIBarButtonItem+SDExtend.h"; sourceTree = "<group>"; };
		C9725C221E6D6F4700BFD21E /* UIBarButtonItem+SDExtend.m */ = {isa = PBXFileReference; fileEncoding = 4; lastKnownFileType = sourcecode.c.objc; path = "UIBarButtonItem+SDExtend.m"; sourceTree = "<group>"; };
		C98D06DE1E6818B600F6F3B3 /* UIColor+SDExtend.h */ = {isa = PBXFileReference; fileEncoding = 4; lastKnownFileType = sourcecode.c.h; path = "UIColor+SDExtend.h"; sourceTree = "<group>"; };
		C98D06DF1E6818B600F6F3B3 /* UIColor+SDExtend.m */ = {isa = PBXFileReference; fileEncoding = 4; lastKnownFileType = sourcecode.c.objc; path = "UIColor+SDExtend.m"; sourceTree = "<group>"; };
		C98D06E11E68203300F6F3B3 /* SDMacro.h */ = {isa = PBXFileReference; lastKnownFileType = sourcecode.c.h; path = SDMacro.h; sourceTree = "<group>"; };
		C98D06E21E68207B00F6F3B3 /* SDCommonConst.h */ = {isa = PBXFileReference; fileEncoding = 4; lastKnownFileType = sourcecode.c.h; path = SDCommonConst.h; sourceTree = "<group>"; };
		C98D06E31E68207B00F6F3B3 /* SDCommonConst.m */ = {isa = PBXFileReference; fileEncoding = 4; lastKnownFileType = sourcecode.c.objc; path = SDCommonConst.m; sourceTree = "<group>"; };
		C9A7DD7D1E6037B4006BAF4C /* UIView+SDExtend.h */ = {isa = PBXFileReference; fileEncoding = 4; lastKnownFileType = sourcecode.c.h; path = "UIView+SDExtend.h"; sourceTree = "<group>"; };
		C9A7DD7E1E6037B4006BAF4C /* UIView+SDExtend.m */ = {isa = PBXFileReference; fileEncoding = 4; lastKnownFileType = sourcecode.c.objc; path = "UIView+SDExtend.m"; sourceTree = "<group>"; };
		C9A7DD801E603FEB006BAF4C /* TestView.h */ = {isa = PBXFileReference; fileEncoding = 4; lastKnownFileType = sourcecode.c.h; path = TestView.h; sourceTree = "<group>"; };
		C9A7DD811E603FEB006BAF4C /* TestView.m */ = {isa = PBXFileReference; fileEncoding = 4; lastKnownFileType = sourcecode.c.objc; path = TestView.m; sourceTree = "<group>"; };
		C9A7DD831E603FF9006BAF4C /* TestView.xib */ = {isa = PBXFileReference; fileEncoding = 4; lastKnownFileType = file.xib; path = TestView.xib; sourceTree = "<group>"; };
		C9BF79981E6E85A5006DF566 /* TableViewController.h */ = {isa = PBXFileReference; fileEncoding = 4; lastKnownFileType = sourcecode.c.h; path = TableViewController.h; sourceTree = "<group>"; };
		C9BF79991E6E85A5006DF566 /* TableViewController.m */ = {isa = PBXFileReference; fileEncoding = 4; lastKnownFileType = sourcecode.c.objc; path = TableViewController.m; sourceTree = "<group>"; };
		C9BF799B1E6EA0F0006DF566 /* UIButton+SDExtend.h */ = {isa = PBXFileReference; fileEncoding = 4; lastKnownFileType = sourcecode.c.h; path = "UIButton+SDExtend.h"; sourceTree = "<group>"; };
		C9BF799C1E6EA0F0006DF566 /* UIButton+SDExtend.m */ = {isa = PBXFileReference; fileEncoding = 4; lastKnownFileType = sourcecode.c.objc; path = "UIButton+SDExtend.m"; sourceTree = "<group>"; };
/* End PBXFileReference section */

/* Begin PBXFrameworksBuildPhase section */
		C9696B201E5EBC15001A141D /* Frameworks */ = {
			isa = PBXFrameworksBuildPhase;
			buildActionMask = 2147483647;
			files = (
			);
			runOnlyForDeploymentPostprocessing = 0;
		};
		C9696B391E5EBC15001A141D /* Frameworks */ = {
			isa = PBXFrameworksBuildPhase;
			buildActionMask = 2147483647;
			files = (
			);
			runOnlyForDeploymentPostprocessing = 0;
		};
		C9696B441E5EBC15001A141D /* Frameworks */ = {
			isa = PBXFrameworksBuildPhase;
			buildActionMask = 2147483647;
			files = (
			);
			runOnlyForDeploymentPostprocessing = 0;
		};
/* End PBXFrameworksBuildPhase section */

/* Begin PBXGroup section */
		C9696B1A1E5EBC15001A141D = {
			isa = PBXGroup;
			children = (
				C9696B251E5EBC15001A141D /* Category */,
				C9696B3F1E5EBC15001A141D /* CategoryTests */,
				C9696B4A1E5EBC15001A141D /* CategoryUITests */,
				C9696B241E5EBC15001A141D /* Products */,
			);
			sourceTree = "<group>";
		};
		C9696B241E5EBC15001A141D /* Products */ = {
			isa = PBXGroup;
			children = (
				C9696B231E5EBC15001A141D /* Category.app */,
				C9696B3C1E5EBC15001A141D /* CategoryTests.xctest */,
				C9696B471E5EBC15001A141D /* CategoryUITests.xctest */,
			);
			name = Products;
			sourceTree = "<group>";
		};
		C9696B251E5EBC15001A141D /* Category */ = {
			isa = PBXGroup;
			children = (
				C9696B691E5ED01C001A141D /* Classes */,
				C9696B591E5ED01C001A141D /* Category */,
				C9696B6E1E5ED01C001A141D /* Tools */,
				C9696B2F1E5EBC15001A141D /* Main.storyboard */,
				C9696B321E5EBC15001A141D /* Assets.xcassets */,
				C9696B261E5EBC15001A141D /* Supporting Files */,
			);
			path = Category;
			sourceTree = "<group>";
		};
		C9696B261E5EBC15001A141D /* Supporting Files */ = {
			isa = PBXGroup;
			children = (
				C9696B341E5EBC15001A141D /* LaunchScreen.storyboard */,
				C9696B371E5EBC15001A141D /* Info.plist */,
				C9696B271E5EBC15001A141D /* main.m */,
			);
			name = "Supporting Files";
			sourceTree = "<group>";
		};
		C9696B3F1E5EBC15001A141D /* CategoryTests */ = {
			isa = PBXGroup;
			children = (
				C9696B401E5EBC15001A141D /* CategoryTests.m */,
				C9696B421E5EBC15001A141D /* Info.plist */,
			);
			path = CategoryTests;
			sourceTree = "<group>";
		};
		C9696B4A1E5EBC15001A141D /* CategoryUITests */ = {
			isa = PBXGroup;
			children = (
				C9696B4B1E5EBC15001A141D /* CategoryUITests.m */,
				C9696B4D1E5EBC15001A141D /* Info.plist */,
			);
			path = CategoryUITests;
			sourceTree = "<group>";
		};
		C9696B591E5ED01C001A141D /* Category */ = {
			isa = PBXGroup;
			children = (
				C9696B5B1E5ED01C001A141D /* NSArray */,
				C9696B5C1E5ED01C001A141D /* NSDate */,
				C9696B5D1E5ED01C001A141D /* NSObject */,
				C9696B5E1E5ED01C001A141D /* NSString */,
				C9696B5A1E5ED01C001A141D /* CALayer */,
				C9696B5F1E5ED01C001A141D /* UIAlertView */,
				C9696B601E5ED01C001A141D /* UIApplication */,
				C9696B611E5ED01C001A141D /* UIBarButtonItem */,
				C9696B621E5ED01C001A141D /* UIButton */,
				C9696B631E5ED01C001A141D /* UIColor */,
				C9696B641E5ED01C001A141D /* UIFont */,
				C9725C171E6CFA3600BFD21E /* UIlabel */,
				C9696B651E5ED01C001A141D /* UIImage */,
				C9696B661E5ED01C001A141D /* UITableViewCell */,
				C9696B671E5ED01C001A141D /* UITextView */,
				C9696B681E5ED01C001A141D /* UIView */,
			);
			path = Category;
			sourceTree = "<group>";
		};
		C9696B5A1E5ED01C001A141D /* CALayer */ = {
			isa = PBXGroup;
			children = (
				C9725C1E1E6D4F6800BFD21E /* CALayer+SDExtend.h */,
				C9725C1F1E6D4F6800BFD21E /* CALayer+SDExtend.m */,
			);
			path = CALayer;
			sourceTree = "<group>";
		};
		C9696B5B1E5ED01C001A141D /* NSArray */ = {
			isa = PBXGroup;
			children = (
			);
			path = NSArray;
			sourceTree = "<group>";
		};
		C9696B5C1E5ED01C001A141D /* NSDate */ = {
			isa = PBXGroup;
			children = (
			);
			path = NSDate;
			sourceTree = "<group>";
		};
		C9696B5D1E5ED01C001A141D /* NSObject */ = {
			isa = PBXGroup;
			children = (
			);
			path = NSObject;
			sourceTree = "<group>";
		};
		C9696B5E1E5ED01C001A141D /* NSString */ = {
			isa = PBXGroup;
			children = (
			);
			path = NSString;
			sourceTree = "<group>";
		};
		C9696B5F1E5ED01C001A141D /* UIAlertView */ = {
			isa = PBXGroup;
			children = (
			);
			path = UIAlertView;
			sourceTree = "<group>";
		};
		C9696B601E5ED01C001A141D /* UIApplication */ = {
			isa = PBXGroup;
			children = (
			);
			path = UIApplication;
			sourceTree = "<group>";
		};
		C9696B611E5ED01C001A141D /* UIBarButtonItem */ = {
			isa = PBXGroup;
			children = (
				C9725C211E6D6F4700BFD21E /* UIBarButtonItem+SDExtend.h */,
				C9725C221E6D6F4700BFD21E /* UIBarButtonItem+SDExtend.m */,
			);
			path = UIBarButtonItem;
			sourceTree = "<group>";
		};
		C9696B621E5ED01C001A141D /* UIButton */ = {
			isa = PBXGroup;
			children = (
				C9BF799B1E6EA0F0006DF566 /* UIButton+SDExtend.h */,
				C9BF799C1E6EA0F0006DF566 /* UIButton+SDExtend.m */,
			);
			path = UIButton;
			sourceTree = "<group>";
		};
		C9696B631E5ED01C001A141D /* UIColor */ = {
			isa = PBXGroup;
			children = (
				C98D06DE1E6818B600F6F3B3 /* UIColor+SDExtend.h */,
				C98D06DF1E6818B600F6F3B3 /* UIColor+SDExtend.m */,
			);
			path = UIColor;
			sourceTree = "<group>";
		};
		C9696B641E5ED01C001A141D /* UIFont */ = {
			isa = PBXGroup;
			children = (
			);
			path = UIFont;
			sourceTree = "<group>";
		};
		C9696B651E5ED01C001A141D /* UIImage */ = {
			isa = PBXGroup;
			children = (
				C9696B711E5ED63E001A141D /* UIImage+FixOrientation.h */,
				C9696B721E5ED63E001A141D /* UIImage+FixOrientation.m */,
				C9696B741E5ED7BC001A141D /* UIImage+SDExtend.h */,
				C9696B751E5ED7BC001A141D /* UIImage+SDExtend.m */,
			);
			path = UIImage;
			sourceTree = "<group>";
		};
		C9696B661E5ED01C001A141D /* UITableViewCell */ = {
			isa = PBXGroup;
			children = (
			);
			path = UITableViewCell;
			sourceTree = "<group>";
		};
		C9696B671E5ED01C001A141D /* UITextView */ = {
			isa = PBXGroup;
			children = (
			);
			path = UITextView;
			sourceTree = "<group>";
		};
		C9696B681E5ED01C001A141D /* UIView */ = {
			isa = PBXGroup;
			children = (
				C9A7DD7D1E6037B4006BAF4C /* UIView+SDExtend.h */,
				C9A7DD7E1E6037B4006BAF4C /* UIView+SDExtend.m */,
			);
			path = UIView;
			sourceTree = "<group>";
		};
		C9696B691E5ED01C001A141D /* Classes */ = {
			isa = PBXGroup;
			children = (
				C9696B6A1E5ED01C001A141D /* AppDelegate.h */,
				C9696B6B1E5ED01C001A141D /* AppDelegate.m */,
				C9696B6C1E5ED01C001A141D /* ViewController.h */,
				C9696B6D1E5ED01C001A141D /* ViewController.m */,
				C9BF79981E6E85A5006DF566 /* TableViewController.h */,
				C9BF79991E6E85A5006DF566 /* TableViewController.m */,
				C9A7DD801E603FEB006BAF4C /* TestView.h */,
				C9A7DD811E603FEB006BAF4C /* TestView.m */,
				C9A7DD831E603FF9006BAF4C /* TestView.xib */,
			);
			path = Classes;
			sourceTree = "<group>";
		};
		C9696B6E1E5ED01C001A141D /* Tools */ = {
			isa = PBXGroup;
			children = (
				C98D06E21E68207B00F6F3B3 /* SDCommonConst.h */,
				C98D06E31E68207B00F6F3B3 /* SDCommonConst.m */,
				C98D06E11E68203300F6F3B3 /* SDMacro.h */,
				C9696B771E5EDA1A001A141D /* PrefixHeader.pch */,
			);
			path = Tools;
			sourceTree = "<group>";
		};
		C9725C171E6CFA3600BFD21E /* UIlabel */ = {
			isa = PBXGroup;
			children = (
				C9725C181E6CFA6A00BFD21E /* UILabel+SDExtend.h */,
				C9725C191E6CFA6A00BFD21E /* UILabel+SDExtend.m */,
			);
			path = UIlabel;
			sourceTree = "<group>";
		};
/* End PBXGroup section */

/* Begin PBXNativeTarget section */
		C9696B221E5EBC15001A141D /* Category */ = {
			isa = PBXNativeTarget;
			buildConfigurationList = C9696B501E5EBC15001A141D /* Build configuration list for PBXNativeTarget "Category" */;
			buildPhases = (
				C9696B1F1E5EBC15001A141D /* Sources */,
				C9696B201E5EBC15001A141D /* Frameworks */,
				C9696B211E5EBC15001A141D /* Resources */,
			);
			buildRules = (
			);
			dependencies = (
			);
			name = Category;
			productName = Category;
			productReference = C9696B231E5EBC15001A141D /* Category.app */;
			productType = "com.apple.product-type.application";
		};
		C9696B3B1E5EBC15001A141D /* CategoryTests */ = {
			isa = PBXNativeTarget;
			buildConfigurationList = C9696B531E5EBC15001A141D /* Build configuration list for PBXNativeTarget "CategoryTests" */;
			buildPhases = (
				C9696B381E5EBC15001A141D /* Sources */,
				C9696B391E5EBC15001A141D /* Frameworks */,
				C9696B3A1E5EBC15001A141D /* Resources */,
			);
			buildRules = (
			);
			dependencies = (
				C9696B3E1E5EBC15001A141D /* PBXTargetDependency */,
			);
			name = CategoryTests;
			productName = CategoryTests;
			productReference = C9696B3C1E5EBC15001A141D /* CategoryTests.xctest */;
			productType = "com.apple.product-type.bundle.unit-test";
		};
		C9696B461E5EBC15001A141D /* CategoryUITests */ = {
			isa = PBXNativeTarget;
			buildConfigurationList = C9696B561E5EBC15001A141D /* Build configuration list for PBXNativeTarget "CategoryUITests" */;
			buildPhases = (
				C9696B431E5EBC15001A141D /* Sources */,
				C9696B441E5EBC15001A141D /* Frameworks */,
				C9696B451E5EBC15001A141D /* Resources */,
			);
			buildRules = (
			);
			dependencies = (
				C9696B491E5EBC15001A141D /* PBXTargetDependency */,
			);
			name = CategoryUITests;
			productName = CategoryUITests;
			productReference = C9696B471E5EBC15001A141D /* CategoryUITests.xctest */;
			productType = "com.apple.product-type.bundle.ui-testing";
		};
/* End PBXNativeTarget section */

/* Begin PBXProject section */
		C9696B1B1E5EBC15001A141D /* Project object */ = {
			isa = PBXProject;
			attributes = {
				LastUpgradeCheck = 0820;
				ORGANIZATIONNAME = sandouchan;
				TargetAttributes = {
					C9696B221E5EBC15001A141D = {
						CreatedOnToolsVersion = 8.2.1;
						DevelopmentTeam = 27A9PVFTM4;
						ProvisioningStyle = Automatic;
					};
					C9696B3B1E5EBC15001A141D = {
						CreatedOnToolsVersion = 8.2.1;
						DevelopmentTeam = 27A9PVFTM4;
						ProvisioningStyle = Automatic;
						TestTargetID = C9696B221E5EBC15001A141D;
					};
					C9696B461E5EBC15001A141D = {
						CreatedOnToolsVersion = 8.2.1;
						DevelopmentTeam = 27A9PVFTM4;
						ProvisioningStyle = Automatic;
						TestTargetID = C9696B221E5EBC15001A141D;
					};
				};
			};
			buildConfigurationList = C9696B1E1E5EBC15001A141D /* Build configuration list for PBXProject "Category" */;
			compatibilityVersion = "Xcode 3.2";
			developmentRegion = English;
			hasScannedForEncodings = 0;
			knownRegions = (
				en,
				Base,
			);
			mainGroup = C9696B1A1E5EBC15001A141D;
			productRefGroup = C9696B241E5EBC15001A141D /* Products */;
			projectDirPath = "";
			projectRoot = "";
			targets = (
				C9696B221E5EBC15001A141D /* Category */,
				C9696B3B1E5EBC15001A141D /* CategoryTests */,
				C9696B461E5EBC15001A141D /* CategoryUITests */,
			);
		};
/* End PBXProject section */

/* Begin PBXResourcesBuildPhase section */
		C9696B211E5EBC15001A141D /* Resources */ = {
			isa = PBXResourcesBuildPhase;
			buildActionMask = 2147483647;
			files = (
				C9A7DD841E603FF9006BAF4C /* TestView.xib in Resources */,
				C9696B361E5EBC15001A141D /* LaunchScreen.storyboard in Resources */,
				C9696B331E5EBC15001A141D /* Assets.xcassets in Resources */,
				C9696B311E5EBC15001A141D /* Main.storyboard in Resources */,
			);
			runOnlyForDeploymentPostprocessing = 0;
		};
		C9696B3A1E5EBC15001A141D /* Resources */ = {
			isa = PBXResourcesBuildPhase;
			buildActionMask = 2147483647;
			files = (
			);
			runOnlyForDeploymentPostprocessing = 0;
		};
		C9696B451E5EBC15001A141D /* Resources */ = {
			isa = PBXResourcesBuildPhase;
			buildActionMask = 2147483647;
			files = (
			);
			runOnlyForDeploymentPostprocessing = 0;
		};
/* End PBXResourcesBuildPhase section */

/* Begin PBXSourcesBuildPhase section */
		C9696B1F1E5EBC15001A141D /* Sources */ = {
			isa = PBXSourcesBuildPhase;
			buildActionMask = 2147483647;
			files = (
				C9A7DD821E603FEB006BAF4C /* TestView.m in Sources */,
				C98D06E41E68207B00F6F3B3 /* SDCommonConst.m in Sources */,
				C9696B701E5ED01C001A141D /* ViewController.m in Sources */,
				C9696B761E5ED7BC001A141D /* UIImage+SDExtend.m in Sources */,
				C9696B6F1E5ED01C001A141D /* AppDelegate.m in Sources */,
				C9725C1A1E6CFA6A00BFD21E /* UILabel+SDExtend.m in Sources */,
				C9725C201E6D4F6800BFD21E /* CALayer+SDExtend.m in Sources */,
				C9BF799A1E6E85A5006DF566 /* TableViewController.m in Sources */,
				C98D06E01E6818B600F6F3B3 /* UIColor+SDExtend.m in Sources */,
				C9A7DD7F1E6037B4006BAF4C /* UIView+SDExtend.m in Sources */,
				C9725C231E6D6F4700BFD21E /* UIBarButtonItem+SDExtend.m in Sources */,
				C9696B731E5ED63E001A141D /* UIImage+FixOrientation.m in Sources */,
				C9BF799D1E6EA0F0006DF566 /* UIButton+SDExtend.m in Sources */,
				C9696B281E5EBC15001A141D /* main.m in Sources */,
			);
			runOnlyForDeploymentPostprocessing = 0;
		};
		C9696B381E5EBC15001A141D /* Sources */ = {
			isa = PBXSourcesBuildPhase;
			buildActionMask = 2147483647;
			files = (
				C9696B411E5EBC15001A141D /* CategoryTests.m in Sources */,
			);
			runOnlyForDeploymentPostprocessing = 0;
		};
		C9696B431E5EBC15001A141D /* Sources */ = {
			isa = PBXSourcesBuildPhase;
			buildActionMask = 2147483647;
			files = (
				C9696B4C1E5EBC15001A141D /* CategoryUITests.m in Sources */,
			);
			runOnlyForDeploymentPostprocessing = 0;
		};
/* End PBXSourcesBuildPhase section */

/* Begin PBXTargetDependency section */
		C9696B3E1E5EBC15001A141D /* PBXTargetDependency */ = {
			isa = PBXTargetDependency;
			target = C9696B221E5EBC15001A141D /* Category */;
			targetProxy = C9696B3D1E5EBC15001A141D /* PBXContainerItemProxy */;
		};
		C9696B491E5EBC15001A141D /* PBXTargetDependency */ = {
			isa = PBXTargetDependency;
			target = C9696B221E5EBC15001A141D /* Category */;
			targetProxy = C9696B481E5EBC15001A141D /* PBXContainerItemProxy */;
		};
/* End PBXTargetDependency section */

/* Begin PBXVariantGroup section */
		C9696B2F1E5EBC15001A141D /* Main.storyboard */ = {
			isa = PBXVariantGroup;
			children = (
				C9696B301E5EBC15001A141D /* Base */,
			);
			name = Main.storyboard;
			sourceTree = "<group>";
		};
		C9696B341E5EBC15001A141D /* LaunchScreen.storyboard */ = {
			isa = PBXVariantGroup;
			children = (
				C9696B351E5EBC15001A141D /* Base */,
			);
			name = LaunchScreen.storyboard;
			sourceTree = "<group>";
		};
/* End PBXVariantGroup section */

/* Begin XCBuildConfiguration section */
		C9696B4E1E5EBC15001A141D /* Debug */ = {
			isa = XCBuildConfiguration;
			buildSettings = {
				ALWAYS_SEARCH_USER_PATHS = NO;
				CLANG_ANALYZER_NONNULL = YES;
				CLANG_CXX_LANGUAGE_STANDARD = "gnu++0x";
				CLANG_CXX_LIBRARY = "libc++";
				CLANG_ENABLE_MODULES = YES;
				CLANG_ENABLE_OBJC_ARC = YES;
				CLANG_WARN_BOOL_CONVERSION = YES;
				CLANG_WARN_CONSTANT_CONVERSION = YES;
				CLANG_WARN_DIRECT_OBJC_ISA_USAGE = YES_ERROR;
				CLANG_WARN_DOCUMENTATION_COMMENTS = YES;
				CLANG_WARN_EMPTY_BODY = YES;
				CLANG_WARN_ENUM_CONVERSION = YES;
				CLANG_WARN_INFINITE_RECURSION = YES;
				CLANG_WARN_INT_CONVERSION = YES;
				CLANG_WARN_OBJC_ROOT_CLASS = YES_ERROR;
				CLANG_WARN_SUSPICIOUS_MOVE = YES;
				CLANG_WARN_UNREACHABLE_CODE = YES;
				CLANG_WARN__DUPLICATE_METHOD_MATCH = YES;
				"CODE_SIGN_IDENTITY[sdk=iphoneos*]" = "iPhone Developer";
				COPY_PHASE_STRIP = NO;
				DEBUG_INFORMATION_FORMAT = dwarf;
				ENABLE_STRICT_OBJC_MSGSEND = YES;
				ENABLE_TESTABILITY = YES;
				GCC_C_LANGUAGE_STANDARD = gnu99;
				GCC_DYNAMIC_NO_PIC = NO;
				GCC_NO_COMMON_BLOCKS = YES;
				GCC_OPTIMIZATION_LEVEL = 0;
				GCC_PREPROCESSOR_DEFINITIONS = (
					"DEBUG=1",
					"$(inherited)",
				);
				GCC_WARN_64_TO_32_BIT_CONVERSION = YES;
				GCC_WARN_ABOUT_RETURN_TYPE = YES_ERROR;
				GCC_WARN_UNDECLARED_SELECTOR = YES;
				GCC_WARN_UNINITIALIZED_AUTOS = YES_AGGRESSIVE;
				GCC_WARN_UNUSED_FUNCTION = YES;
				GCC_WARN_UNUSED_VARIABLE = YES;
				IPHONEOS_DEPLOYMENT_TARGET = 8.0;
				MTL_ENABLE_DEBUG_INFO = YES;
				ONLY_ACTIVE_ARCH = YES;
				SDKROOT = iphoneos;
			};
			name = Debug;
		};
		C9696B4F1E5EBC15001A141D /* Release */ = {
			isa = XCBuildConfiguration;
			buildSettings = {
				ALWAYS_SEARCH_USER_PATHS = NO;
				CLANG_ANALYZER_NONNULL = YES;
				CLANG_CXX_LANGUAGE_STANDARD = "gnu++0x";
				CLANG_CXX_LIBRARY = "libc++";
				CLANG_ENABLE_MODULES = YES;
				CLANG_ENABLE_OBJC_ARC = YES;
				CLANG_WARN_BOOL_CONVERSION = YES;
				CLANG_WARN_CONSTANT_CONVERSION = YES;
				CLANG_WARN_DIRECT_OBJC_ISA_USAGE = YES_ERROR;
				CLANG_WARN_DOCUMENTATION_COMMENTS = YES;
				CLANG_WARN_EMPTY_BODY = YES;
				CLANG_WARN_ENUM_CONVERSION = YES;
				CLANG_WARN_INFINITE_RECURSION = YES;
				CLANG_WARN_INT_CONVERSION = YES;
				CLANG_WARN_OBJC_ROOT_CLASS = YES_ERROR;
				CLANG_WARN_SUSPICIOUS_MOVE = YES;
				CLANG_WARN_UNREACHABLE_CODE = YES;
				CLANG_WARN__DUPLICATE_METHOD_MATCH = YES;
				"CODE_SIGN_IDENTITY[sdk=iphoneos*]" = "iPhone Developer";
				COPY_PHASE_STRIP = NO;
				DEBUG_INFORMATION_FORMAT = "dwarf-with-dsym";
				ENABLE_NS_ASSERTIONS = NO;
				ENABLE_STRICT_OBJC_MSGSEND = YES;
				GCC_C_LANGUAGE_STANDARD = gnu99;
				GCC_NO_COMMON_BLOCKS = YES;
				GCC_WARN_64_TO_32_BIT_CONVERSION = YES;
				GCC_WARN_ABOUT_RETURN_TYPE = YES_ERROR;
				GCC_WARN_UNDECLARED_SELECTOR = YES;
				GCC_WARN_UNINITIALIZED_AUTOS = YES_AGGRESSIVE;
				GCC_WARN_UNUSED_FUNCTION = YES;
				GCC_WARN_UNUSED_VARIABLE = YES;
				IPHONEOS_DEPLOYMENT_TARGET = 8.0;
				MTL_ENABLE_DEBUG_INFO = NO;
				SDKROOT = iphoneos;
				VALIDATE_PRODUCT = YES;
			};
			name = Release;
		};
		C9696B511E5EBC15001A141D /* Debug */ = {
			isa = XCBuildConfiguration;
			buildSettings = {
				ASSETCATALOG_COMPILER_APPICON_NAME = AppIcon;
				DEVELOPMENT_TEAM = 27A9PVFTM4;
				GCC_PRECOMPILE_PREFIX_HEADER = YES;
				GCC_PREFIX_HEADER = Category/Tools/PrefixHeader.pch;
				INFOPLIST_FILE = Category/Info.plist;
				IPHONEOS_DEPLOYMENT_TARGET = 8.0;
				LD_RUNPATH_SEARCH_PATHS = "$(inherited) @executable_path/Frameworks";
				PRODUCT_BUNDLE_IDENTIFIER = com.sandouchan.Category;
				PRODUCT_NAME = "$(TARGET_NAME)";
			};
			name = Debug;
		};
		C9696B521E5EBC15001A141D /* Release */ = {
			isa = XCBuildConfiguration;
			buildSettings = {
				ASSETCATALOG_COMPILER_APPICON_NAME = AppIcon;
				DEVELOPMENT_TEAM = 27A9PVFTM4;
				GCC_PRECOMPILE_PREFIX_HEADER = YES;
				GCC_PREFIX_HEADER = Category/Tools/PrefixHeader.pch;
				INFOPLIST_FILE = Category/Info.plist;
				IPHONEOS_DEPLOYMENT_TARGET = 8.0;
				LD_RUNPATH_SEARCH_PATHS = "$(inherited) @executable_path/Frameworks";
				PRODUCT_BUNDLE_IDENTIFIER = com.sandouchan.Category;
				PRODUCT_NAME = "$(TARGET_NAME)";
			};
			name = Release;
		};
		C9696B541E5EBC15001A141D /* Debug */ = {
			isa = XCBuildConfiguration;
			buildSettings = {
				BUNDLE_LOADER = "$(TEST_HOST)";
				DEVELOPMENT_TEAM = 27A9PVFTM4;
				INFOPLIST_FILE = CategoryTests/Info.plist;
				IPHONEOS_DEPLOYMENT_TARGET = 8.0;
				LD_RUNPATH_SEARCH_PATHS = "$(inherited) @executable_path/Frameworks @loader_path/Frameworks";
				PRODUCT_BUNDLE_IDENTIFIER = com.sandouchan.CategoryTests;
				PRODUCT_NAME = "$(TARGET_NAME)";
				TEST_HOST = "$(BUILT_PRODUCTS_DIR)/Category.app/Category";
			};
			name = Debug;
		};
		C9696B551E5EBC15001A141D /* Release */ = {
			isa = XCBuildConfiguration;
			buildSettings = {
				BUNDLE_LOADER = "$(TEST_HOST)";
				DEVELOPMENT_TEAM = 27A9PVFTM4;
				INFOPLIST_FILE = CategoryTests/Info.plist;
				IPHONEOS_DEPLOYMENT_TARGET = 8.0;
				LD_RUNPATH_SEARCH_PATHS = "$(inherited) @executable_path/Frameworks @loader_path/Frameworks";
				PRODUCT_BUNDLE_IDENTIFIER = com.sandouchan.CategoryTests;
				PRODUCT_NAME = "$(TARGET_NAME)";
				TEST_HOST = "$(BUILT_PRODUCTS_DIR)/Category.app/Category";
			};
			name = Release;
		};
		C9696B571E5EBC15001A141D /* Debug */ = {
			isa = XCBuildConfiguration;
			buildSettings = {
				DEVELOPMENT_TEAM = 27A9PVFTM4;
				INFOPLIST_FILE = CategoryUITests/Info.plist;
				IPHONEOS_DEPLOYMENT_TARGET = 8.0;
				LD_RUNPATH_SEARCH_PATHS = "$(inherited) @executable_path/Frameworks @loader_path/Frameworks";
				PRODUCT_BUNDLE_IDENTIFIER = com.sandouchan.CategoryUITests;
				PRODUCT_NAME = "$(TARGET_NAME)";
				TEST_TARGET_NAME = Category;
			};
			name = Debug;
		};
		C9696B581E5EBC15001A141D /* Release */ = {
			isa = XCBuildConfiguration;
			buildSettings = {
				DEVELOPMENT_TEAM = 27A9PVFTM4;
				INFOPLIST_FILE = CategoryUITests/Info.plist;
				IPHONEOS_DEPLOYMENT_TARGET = 8.0;
				LD_RUNPATH_SEARCH_PATHS = "$(inherited) @executable_path/Frameworks @loader_path/Frameworks";
				PRODUCT_BUNDLE_IDENTIFIER = com.sandouchan.CategoryUITests;
				PRODUCT_NAME = "$(TARGET_NAME)";
				TEST_TARGET_NAME = Category;
			};
			name = Release;
		};
/* End XCBuildConfiguration section */

/* Begin XCConfigurationList section */
		C9696B1E1E5EBC15001A141D /* Build configuration list for PBXProject "Category" */ = {
			isa = XCConfigurationList;
			buildConfigurations = (
				C9696B4E1E5EBC15001A141D /* Debug */,
				C9696B4F1E5EBC15001A141D /* Release */,
			);
			defaultConfigurationIsVisible = 0;
			defaultConfigurationName = Release;
		};
		C9696B501E5EBC15001A141D /* Build configuration list for PBXNativeTarget "Category" */ = {
			isa = XCConfigurationList;
			buildConfigurations = (
				C9696B511E5EBC15001A141D /* Debug */,
				C9696B521E5EBC15001A141D /* Release */,
			);
			defaultConfigurationIsVisible = 0;
			defaultConfigurationName = Release;
		};
		C9696B531E5EBC15001A141D /* Build configuration list for PBXNativeTarget "CategoryTests" */ = {
			isa = XCConfigurationList;
			buildConfigurations = (
				C9696B541E5EBC15001A141D /* Debug */,
				C9696B551E5EBC15001A141D /* Release */,
			);
			defaultConfigurationIsVisible = 0;
			defaultConfigurationName = Release;
		};
		C9696B561E5EBC15001A141D /* Build configuration list for PBXNativeTarget "CategoryUITests" */ = {
			isa = XCConfigurationList;
			buildConfigurations = (
				C9696B571E5EBC15001A141D /* Debug */,
				C9696B581E5EBC15001A141D /* Release */,
			);
			defaultConfigurationIsVisible = 0;
			defaultConfigurationName = Release;
		};
/* End XCConfigurationList section */
	};
	rootObject = C9696B1B1E5EBC15001A141D /* Project object */;
}
